<?xml version="1.0" encoding="utf-8"?>
<Project ToolsVersion="4.0" xmlns="http://schemas.microsoft.com/developer/msbuild/2003">
  <ItemGroup>
    <ClCompile Include="src\bottle\BlockNode.cpp">
      <Filter>bottle</Filter>
    </ClCompile>
    <ClCompile Include="src\bottle\BottleRoom.cpp">
      <Filter>bottle</Filter>
    </ClCompile>
    <ClCompile Include="src\bottle\BottleUtils.cpp">
      <Filter>bottle</Filter>
    </ClCompile>
    <ClCompile Include="src\bottle\BottleWorld.cpp">
      <Filter>bottle</Filter>
    </ClCompile>
    <ClCompile Include="src\bottle\Brain25.cpp">
      <Filter>bottle</Filter>
    </ClCompile>
    <ClCompile Include="src\bottle\CongaGui.cpp">
      <Filter>bottle</Filter>
    </ClCompile>
    <ClCompile Include="src\bottle\GameFile.cpp">
      <Filter>bottle</Filter>
    </ClCompile>
    <ClCompile Include="src\bottle\GameUi.cpp">
      <Filter>bottle</Filter>
    </ClCompile>
    <ClCompile Include="src\bottle\Goal25.cpp">
      <Filter>bottle</Filter>
    </ClCompile>
    <ClCompile Include="src\bottle\Goal25MoveTo.cpp">
      <Filter>bottle</Filter>
    </ClCompile>
    <ClCompile Include="src\bottle\Goal25Think.cpp">
      <Filter>bottle</Filter>
    </ClCompile>
    <ClCompile Include="src\bottle\GodCam.cpp">
      <Filter>bottle</Filter>
    </ClCompile>
    <ClCompile Include="src\bottle\Lair.cpp">
      <Filter>bottle</Filter>
    </ClCompile>
    <ClCompile Include="src\bottle\ObFile.cpp">
      <Filter>bottle</Filter>
    </ClCompile>
    <ClCompile Include="src\bottle\SpriteBucket.cpp">
      <Filter>bottle</Filter>
    </ClCompile>
    <ClCompile Include="src\bottle\Tile25Spec.cpp">
      <Filter>bottle</Filter>
    </ClCompile>
    <ClCompile Include="src\bottle\W25Config.cpp">
      <Filter>bottle</Filter>
    </ClCompile>
    <ClCompile Include="src\bottle\W25GridMesh.cpp">
      <Filter>bottle</Filter>
    </ClCompile>
    <ClCompile Include="src\bottle\W25MeshMaker.cpp">
      <Filter>bottle</Filter>
    </ClCompile>
    <ClCompile Include="src\bottle\WalkerSpec.cpp">
      <Filter>bottle</Filter>
    </ClCompile>
    <ClCompile Include="src\bottle\WipGrid.cpp">
      <Filter>bottle</Filter>
    </ClCompile>
    <ClCompile Include="src\bottle\World25.cpp">
      <Filter>bottle</Filter>
    </ClCompile>
    <ClCompile Include="src\bottle\WorldCell.cpp">
      <Filter>bottle</Filter>
    </ClCompile>
    <ClCompile Include="src\bottle\WorldCellFile.cpp">
      <Filter>bottle</Filter>
    </ClCompile>
    <ClCompile Include="src\bottle\WorldEditor.cpp">
      <Filter>bottle</Filter>
    </ClCompile>
    <ClCompile Include="src\bottle\WorldEditState.cpp">
      <Filter>bottle</Filter>
    </ClCompile>
    <ClCompile Include="src\bottle\WorldGrid.cpp">
      <Filter>bottle</Filter>
    </ClCompile>
    <ClCompile Include="src\bottle\WorldMaker.cpp">
      <Filter>bottle</Filter>
    </ClCompile>
    <ClCompile Include="src\bottle\WorldObj.cpp">
      <Filter>bottle</Filter>
    </ClCompile>
  </ItemGroup>
  <ItemGroup>
    <ClInclude Include="src\bottle\BlockNode.h">
      <Filter>bottle</Filter>
    </ClInclude>
    <ClInclude Include="src\bottle\BottleHeader.h">
      <Filter>bottle</Filter>
    </ClInclude>
    <ClInclude Include="src\bottle\BottleRoom.h">
      <Filter>bottle</Filter>
    </ClInclude>
    <ClInclude Include="src\bottle\BottleUtils.h">
      <Filter>bottle</Filter>
    </ClInclude>
    <ClInclude Include="src\bottle\Brain25.h">
      <Filter>bottle</Filter>
    </ClInclude>
    <ClInclude Include="src\bottle\CongaGui.h">
      <Filter>bottle</Filter>
    </ClInclude>
    <ClInclude Include="src\bottle\GameFile.h">
      <Filter>bottle</Filter>
    </ClInclude>
    <ClInclude Include="src\bottle\GameUi.h">
      <Filter>bottle</Filter>
    </ClInclude>
    <ClInclude Include="src\bottle\Goal25.h">
      <Filter>bottle</Filter>
    </ClInclude>
    <ClInclude Include="src\bottle\Goal25MoveTo.h">
      <Filter>bottle</Filter>
    </ClInclude>
    <ClInclude Include="src\bottle\Goal25Think.h">
      <Filter>bottle</Filter>
    </ClInclude>
    <ClInclude Include="src\bottle\GodCam.h">
      <Filter>bottle</Filter>
    </ClInclude>
    <ClInclude Include="src\bottle\Lair.h">
      <Filter>bottle</Filter>
    </ClInclude>
    <ClInclude Include="src\bottle\ObFile.h">
      <Filter>bottle</Filter>
    </ClInclude>
    <ClInclude Include="src\bottle\SpriteBucket.h">
      <Filter>bottle</Filter>
    </ClInclude>
    <ClInclude Include="src\bottle\Tile25Spec.h">
      <Filter>bottle</Filter>
    </ClInclude>
    <ClInclude Include="src\bottle\W25Config.h">
      <Filter>bottle</Filter>
    </ClInclude>
    <ClInclude Include="src\bottle\W25GridMesh.h">
      <Filter>bottle</Filter>
    </ClInclude>
    <ClInclude Include="src\bottle\W25MeshMaker.h">
      <Filter>bottle</Filter>
    </ClInclude>
    <ClInclude Include="src\bottle\WalkerSpec.h">
      <Filter>bottle</Filter>
    </ClInclude>
    <ClInclude Include="src\bottle\WipGrid.h">
      <Filter>bottle</Filter>
    </ClInclude>
    <ClInclude Include="src\bottle\World25.h">
      <Filter>bottle</Filter>
    </ClInclude>
    <ClInclude Include="src\bottle\WorldCell.h">
      <Filter>bottle</Filter>
    </ClInclude>
    <ClInclude Include="src\bottle\WorldCellFile.h">
      <Filter>bottle</Filter>
    </ClInclude>
    <ClInclude Include="src\bottle\WorldEditor.h">
      <Filter>bottle</Filter>
    </ClInclude>
    <ClInclude Include="src\bottle\WorldEditState.h">
      <Filter>bottle</Filter>
    </ClInclude>
    <ClInclude Include="src\bottle\WorldGrid.h">
      <Filter>bottle</Filter>
    </ClInclude>
    <ClInclude Include="src\bottle\WorldMaker.h">
      <Filter>bottle</Filter>
    </ClInclude>
    <ClInclude Include="src\bottle\WorldObj.h">
      <Filter>bottle</Filter>
    </ClInclude>
  </ItemGroup>
  <ItemGroup>
    <Filter Include="bottle">
      <UniqueIdentifier>{aba85895-6ef8-4fe5-b9c5-e9b054d39fef}</UniqueIdentifier>
    </Filter>
  </ItemGroup>
</Project>