<?xml version="1.0" encoding="utf-8"?>
<Project ToolsVersion="4.0" xmlns="http://schemas.microsoft.com/developer/msbuild/2003">
  <ItemGroup>
    <Filter Include="base">
      <UniqueIdentifier>{cafd37d0-b692-42d2-a002-ef520180da93}</UniqueIdentifier>
    </Filter>
    <Filter Include="ext">
      <UniqueIdentifier>{3fc24e0b-da46-4938-9d81-712ec745e21b}</UniqueIdentifier>
    </Filter>
    <Filter Include="math">
      <UniqueIdentifier>{ef5e70be-bc94-4661-b9e5-9f57ae317d95}</UniqueIdentifier>
    </Filter>
    <Filter Include="model">
      <UniqueIdentifier>{407d4734-720b-49a5-93f7-91a1089a66c6}</UniqueIdentifier>
    </Filter>
    <Filter Include="world">
      <UniqueIdentifier>{1a0b6af2-1572-42e9-8c13-3529b2c17808}</UniqueIdentifier>
    </Filter>
    <Filter Include="gfx">
      <UniqueIdentifier>{a9a4e732-304f-426c-9695-1754326f84dc}</UniqueIdentifier>
    </Filter>
    <Filter Include="ext\pugixml">
      <UniqueIdentifier>{cb0c6a5b-fd14-48ed-af8d-ae4b27c18e83}</UniqueIdentifier>
    </Filter>
    <Filter Include="bottle">
      <UniqueIdentifier>{07716b7b-0f40-472a-82b2-e46f1a6e7208}</UniqueIdentifier>
    </Filter>
  </ItemGroup>
  <ItemGroup>
    <ClCompile Include="src\base\AppRunner.cpp">
      <Filter>base</Filter>
    </ClCompile>
    <ClCompile Include="src\base\BinaryFile.cpp">
      <Filter>base</Filter>
    </ClCompile>
    <ClCompile Include="src\base\Crc32.cpp">
      <Filter>base</Filter>
    </ClCompile>
    <ClCompile Include="src\base\DateTime.cpp">
      <Filter>base</Filter>
    </ClCompile>
    <ClCompile Include="src\base\DebugHelper.cpp">
      <Filter>base</Filter>
    </ClCompile>
    <ClCompile Include="src\base\Delta.cpp">
      <Filter>base</Filter>
    </ClCompile>
    <ClCompile Include="src\base\DiskFile.cpp">
      <Filter>base</Filter>
    </ClCompile>
    <ClCompile Include="src\base\EngineConfigFile.cpp">
      <Filter>base</Filter>
    </ClCompile>
    <ClCompile Include="src\base\Exception.cpp">
      <Filter>base</Filter>
    </ClCompile>
    <ClCompile Include="src\base\FileSystem.cpp">
      <Filter>base</Filter>
    </ClCompile>
    <ClCompile Include="src\base\FpsMeter.cpp">
      <Filter>base</Filter>
    </ClCompile>
    <ClCompile Include="src\base\FrameSync.cpp">
      <Filter>base</Filter>
    </ClCompile>
    <ClCompile Include="src\base\GLContext.cpp">
      <Filter>base</Filter>
    </ClCompile>
    <ClCompile Include="src\base\GraphicsWindow.cpp">
      <Filter>base</Filter>
    </ClCompile>
    <ClCompile Include="src\base\Gu.cpp">
      <Filter>base</Filter>
    </ClCompile>
    <ClCompile Include="src\base\Hash.cpp">
      <Filter>base</Filter>
    </ClCompile>
    <ClCompile Include="src\base\Img32.cpp">
      <Filter>base</Filter>
    </ClCompile>
    <ClCompile Include="src\base\IOBase.cpp">
      <Filter>base</Filter>
    </ClCompile>
    <ClCompile Include="src\base\Logger.cpp">
      <Filter>base</Filter>
    </ClCompile>
    <ClCompile Include="src\base\Main.cpp">
      <Filter>base</Filter>
    </ClCompile>
    <ClCompile Include="src\base\Net.cpp">
      <Filter>base</Filter>
    </ClCompile>
    <ClCompile Include="src\base\oglErr.cpp">
      <Filter>base</Filter>
    </ClCompile>
    <ClCompile Include="src\base\OpenGLWindow.cpp">
      <Filter>base</Filter>
    </ClCompile>
    <ClCompile Include="src\base\OperatingSystem.cpp">
      <Filter>base</Filter>
    </ClCompile>
    <ClCompile Include="src\base\Perf.cpp">
      <Filter>base</Filter>
    </ClCompile>
    <ClCompile Include="src\base\PoundFile.cpp">
      <Filter>base</Filter>
    </ClCompile>
    <ClCompile Include="src\base\SDLUtils.cpp">
      <Filter>base</Filter>
    </ClCompile>
    <ClCompile Include="src\base\Sequencer.cpp">
      <Filter>base</Filter>
    </ClCompile>
    <ClCompile Include="src\base\SoundCache.cpp">
      <Filter>base</Filter>
    </ClCompile>
    <ClCompile Include="src\base\Stopwatch.cpp">
      <Filter>base</Filter>
    </ClCompile>
    <ClCompile Include="src\base\StreamBuffer.cpp">
      <Filter>base</Filter>
    </ClCompile>
    <ClCompile Include="src\base\StringExtensions.cpp">
      <Filter>base</Filter>
    </ClCompile>
    <ClCompile Include="src\base\StringUtil.cpp">
      <Filter>base</Filter>
    </ClCompile>
    <ClCompile Include="src\base\SyncTimer.cpp">
      <Filter>base</Filter>
    </ClCompile>
    <ClCompile Include="src\base\TextConfigFile.cpp">
      <Filter>base</Filter>
    </ClCompile>
    <ClCompile Include="src\base\TextDataFile.cpp">
      <Filter>base</Filter>
    </ClCompile>
    <ClCompile Include="src\base\TextParser.cpp">
      <Filter>base</Filter>
    </ClCompile>
    <ClCompile Include="src\base\TouchInfo.cpp">
      <Filter>base</Filter>
    </ClCompile>
    <ClCompile Include="src\base\TreeNode.cpp">
      <Filter>base</Filter>
    </ClCompile>
    <ClCompile Include="src\base\TypeConv.cpp">
      <Filter>base</Filter>
    </ClCompile>
    <ClCompile Include="src\base\VulkanWindow.cpp">
      <Filter>base</Filter>
    </ClCompile>
    <ClCompile Include="src\base\XmlFile.cpp">
      <Filter>base</Filter>
    </ClCompile>
    <ClCompile Include="src\ext\lodepng.cpp">
      <Filter>ext</Filter>
    </ClCompile>
    <ClCompile Include="src\ext\stb_vorbis.c">
      <Filter>ext</Filter>
    </ClCompile>
    <ClCompile Include="src\ext\pugixml\pugixml.cpp">
      <Filter>ext\pugixml</Filter>
    </ClCompile>
    <ClCompile Include="src\gfx\FontTextBuffer.cpp">
      <Filter>gfx</Filter>
    </ClCompile>
    <ClCompile Include="src\gfx\ForwardFramebuffer.cpp">
      <Filter>gfx</Filter>
    </ClCompile>
    <ClCompile Include="src\gfx\FramebufferBase.cpp">
      <Filter>gfx</Filter>
    </ClCompile>
    <ClCompile Include="src\gfx\FrustumBase.cpp">
      <Filter>gfx</Filter>
    </ClCompile>
    <ClCompile Include="src\gfx\GpuComputeSync.cpp">
      <Filter>gfx</Filter>
    </ClCompile>
    <ClCompile Include="src\gfx\GpuQuad3.cpp">
      <Filter>gfx</Filter>
    </ClCompile>
    <ClCompile Include="src\gfx\GraphicsApi.cpp">
      <Filter>gfx</Filter>
    </ClCompile>
    <ClCompile Include="src\gfx\GraphicsContext.cpp">
      <Filter>gfx</Filter>
    </ClCompile>
    <ClCompile Include="src\gfx\HappySky.cpp">
      <Filter>gfx</Filter>
    </ClCompile>
    <ClCompile Include="src\gfx\LightManager.cpp">
      <Filter>gfx</Filter>
    </ClCompile>
    <ClCompile Include="src\gfx\LightNode.cpp">
      <Filter>gfx</Filter>
    </ClCompile>
    <ClCompile Include="src\gfx\MegaTex.cpp">
      <Filter>gfx</Filter>
    </ClCompile>
    <ClCompile Include="src\gfx\OpenGLApi.cpp">
      <Filter>gfx</Filter>
    </ClCompile>
    <ClCompile Include="src\gfx\Particles.cpp">
      <Filter>gfx</Filter>
    </ClCompile>
    <ClCompile Include="src\gfx\Picker.cpp">
      <Filter>gfx</Filter>
    </ClCompile>
    <ClCompile Include="src\gfx\QuadBufferMesh.cpp">
      <Filter>gfx</Filter>
    </ClCompile>
    <ClCompile Include="src\gfx\RenderParams.cpp">
      <Filter>gfx</Filter>
    </ClCompile>
    <ClCompile Include="src\gfx\RenderPipe.cpp">
      <Filter>gfx</Filter>
    </ClCompile>
    <ClCompile Include="src\gfx\RenderSettings.cpp">
      <Filter>gfx</Filter>
    </ClCompile>
    <ClCompile Include="src\gfx\RenderUtils.cpp">
      <Filter>gfx</Filter>
    </ClCompile>
    <ClCompile Include="src\gfx\ShaderAttribute.cpp">
      <Filter>gfx</Filter>
    </ClCompile>
    <ClCompile Include="src\gfx\ShaderBase.cpp">
      <Filter>gfx</Filter>
    </ClCompile>
    <ClCompile Include="src\gfx\ShaderCache.cpp">
      <Filter>gfx</Filter>
    </ClCompile>
    <ClCompile Include="src\gfx\ShaderCompiler.cpp">
      <Filter>gfx</Filter>
    </ClCompile>
    <ClCompile Include="src\gfx\ShaderMaker.cpp">
      <Filter>gfx</Filter>
    </ClCompile>
    <ClCompile Include="src\gfx\ShaderSubProgram.cpp">
      <Filter>gfx</Filter>
    </ClCompile>
    <ClCompile Include="src\gfx\ShaderUniform.cpp">
      <Filter>gfx</Filter>
    </ClCompile>
    <ClCompile Include="src\gfx\ShadowBox.cpp">
      <Filter>gfx</Filter>
    </ClCompile>
    <ClCompile Include="src\gfx\ShadowBoxSide.cpp">
      <Filter>gfx</Filter>
    </ClCompile>
    <ClCompile Include="src\gfx\ShadowFrustum.cpp">
      <Filter>gfx</Filter>
    </ClCompile>
    <ClCompile Include="src\gfx\TexCache.cpp">
      <Filter>gfx</Filter>
    </ClCompile>
    <ClCompile Include="src\gfx\Texture2DSpec.cpp">
      <Filter>gfx</Filter>
    </ClCompile>
    <ClCompile Include="src\gfx\UiBase.cpp">
      <Filter>gfx</Filter>
    </ClCompile>
    <ClCompile Include="src\gfx\UiControls.cpp">
      <Filter>gfx</Filter>
    </ClCompile>
    <ClCompile Include="src\gfx\UiSkin.cpp">
      <Filter>gfx</Filter>
    </ClCompile>
    <ClCompile Include="src\gfx\VulkanApi.cpp">
      <Filter>gfx</Filter>
    </ClCompile>
    <ClCompile Include="src\gfx\VulkanContext.cpp">
      <Filter>gfx</Filter>
    </ClCompile>
    <ClCompile Include="src\gfx\Atlas.cpp">
      <Filter>gfx</Filter>
    </ClCompile>
    <ClCompile Include="src\gfx\CameraNode.cpp">
      <Filter>gfx</Filter>
    </ClCompile>
    <ClCompile Include="src\gfx\DeferredFramebuffer.cpp">
      <Filter>gfx</Filter>
    </ClCompile>
    <ClCompile Include="src\math\CollisionEquations.cpp">
      <Filter>math</Filter>
    </ClCompile>
    <ClCompile Include="src\math\ConvexAlgorithms.cpp">
      <Filter>math</Filter>
    </ClCompile>
    <ClCompile Include="src\math\Matrix3x3.cpp">
      <Filter>math</Filter>
    </ClCompile>
    <ClCompile Include="src\math\Minimax.cpp">
      <Filter>math</Filter>
    </ClCompile>
    <ClCompile Include="src\math\Plane3.cpp">
      <Filter>math</Filter>
    </ClCompile>
    <ClCompile Include="src\math\ProjectedRay.cpp">
      <Filter>math</Filter>
    </ClCompile>
    <ClCompile Include="src\math\Quaternion.cpp">
      <Filter>math</Filter>
    </ClCompile>
    <ClCompile Include="src\math\Random.cpp">
      <Filter>math</Filter>
    </ClCompile>
    <ClCompile Include="src\math\BitHacks.cpp">
      <Filter>math</Filter>
    </ClCompile>
    <ClCompile Include="src\math\BoxUtils.cpp">
      <Filter>math</Filter>
    </ClCompile>
    <ClCompile Include="src\model\GpuBufferData.cpp">
      <Filter>model</Filter>
    </ClCompile>
    <ClCompile Include="src\model\IboData.cpp">
      <Filter>model</Filter>
    </ClCompile>
    <ClCompile Include="src\model\IndexBufferData.cpp">
      <Filter>model</Filter>
    </ClCompile>
    <ClCompile Include="src\model\Material.cpp">
      <Filter>model</Filter>
    </ClCompile>
    <ClCompile Include="src\model\MbiFile.cpp">
      <Filter>model</Filter>
    </ClCompile>
    <ClCompile Include="src\model\MeshNode.cpp">
      <Filter>model</Filter>
    </ClCompile>
    <ClCompile Include="src\model\MeshSpec.cpp">
      <Filter>model</Filter>
    </ClCompile>
    <ClCompile Include="src\model\MeshUtils.cpp">
      <Filter>model</Filter>
    </ClCompile>
    <ClCompile Include="src\model\MobFile.cpp">
      <Filter>model</Filter>
    </ClCompile>
    <ClCompile Include="src\model\Model.cpp">
      <Filter>model</Filter>
    </ClCompile>
    <ClCompile Include="src\model\ModelCache.cpp">
      <Filter>model</Filter>
    </ClCompile>
    <ClCompile Include="src\model\ModelThumb.cpp">
      <Filter>model</Filter>
    </ClCompile>
    <ClCompile Include="src\model\OBB.cpp">
      <Filter>model</Filter>
    </ClCompile>
    <ClCompile Include="src\model\ShaderStorageBuffer.cpp">
      <Filter>model</Filter>
    </ClCompile>
    <ClCompile Include="src\model\TextBufferMesh.cpp">
      <Filter>model</Filter>
    </ClCompile>
    <ClCompile Include="src\model\TileMesh25.cpp">
      <Filter>model</Filter>
    </ClCompile>
    <ClCompile Include="src\model\UtilMesh.cpp">
      <Filter>model</Filter>
    </ClCompile>
    <ClCompile Include="src\model\UtilMeshAxis.cpp">
      <Filter>model</Filter>
    </ClCompile>
    <ClCompile Include="src\model\UtilMeshBox.cpp">
      <Filter>model</Filter>
    </ClCompile>
    <ClCompile Include="src\model\UtilMeshGrid.cpp">
      <Filter>model</Filter>
    </ClCompile>
    <ClCompile Include="src\model\UtilMeshInline.cpp">
      <Filter>model</Filter>
    </ClCompile>
    <ClCompile Include="src\model\UtilMeshSphere.cpp">
      <Filter>model</Filter>
    </ClCompile>
    <ClCompile Include="src\model\VaoDataGeneric.cpp">
      <Filter>model</Filter>
    </ClCompile>
    <ClCompile Include="src\model\VboData.cpp">
      <Filter>model</Filter>
    </ClCompile>
    <ClCompile Include="src\model\VertexAdjacencyMap.cpp">
      <Filter>model</Filter>
    </ClCompile>
    <ClCompile Include="src\model\VertexFormat.cpp">
      <Filter>model</Filter>
    </ClCompile>
    <ClCompile Include="src\model\VertexTypes.cpp">
      <Filter>model</Filter>
    </ClCompile>
    <ClCompile Include="src\model\Animation.cpp">
      <Filter>model</Filter>
    </ClCompile>
    <ClCompile Include="src\model\FragmentBufferData.cpp">
      <Filter>model</Filter>
    </ClCompile>
    <ClCompile Include="src\world\PhysicsGridAwareness.cpp">
      <Filter>world</Filter>
    </ClCompile>
    <ClCompile Include="src\world\PhysicsNode.cpp">
      <Filter>world</Filter>
    </ClCompile>
    <ClCompile Include="src\world\PhysicsShapes.cpp">
      <Filter>world</Filter>
    </ClCompile>
    <ClCompile Include="src\world\PhysicsWorld.cpp">
      <Filter>world</Filter>
    </ClCompile>
    <ClCompile Include="src\world\RenderBucket.cpp">
      <Filter>world</Filter>
    </ClCompile>
    <ClCompile Include="src\world\Manifold.cpp">
      <Filter>world</Filter>
    </ClCompile>
    <ClCompile Include="src\world\PhysicsGrid.cpp">
      <Filter>world</Filter>
    </ClCompile>
    <ClCompile Include="src\base\ObjFile.cpp">
      <Filter>base</Filter>
    </ClCompile>
    <ClCompile Include="src\base\StringWrapper.cpp">
      <Filter>base</Filter>
    </ClCompile>
    <ClCompile Include="src\model\SceneNode.cpp">
      <Filter>model</Filter>
    </ClCompile>
    <ClCompile Include="src\base\InputManager.cpp">
      <Filter>base</Filter>
    </ClCompile>
    <ClCompile Include="src\gfx\ParticleManager.cpp">
      <Filter>gfx</Filter>
    </ClCompile>
    <ClCompile Include="src\world\Scene.cpp">
      <Filter>world</Filter>
    </ClCompile>
    <ClCompile Include="src\world\Component.cpp">
      <Filter>world</Filter>
    </ClCompile>
    <ClCompile Include="src\world\BaseCollider.cpp">
      <Filter>world</Filter>
    </ClCompile>
    <ClCompile Include="src\gfx\RenderViewport.cpp">
      <Filter>gfx</Filter>
    </ClCompile>
    <ClCompile Include="src\gfx\BufferRenderTarget.cpp">
      <Filter>gfx</Filter>
    </ClCompile>
    <ClCompile Include="src\gfx\RenderTarget.cpp">
      <Filter>gfx</Filter>
    </ClCompile>
    <ClCompile Include="src\world\NodeUtils.cpp">
      <Filter>world</Filter>
    </ClCompile>
    <ClCompile Include="src\base\ApplicationPackage.cpp">
      <Filter>base</Filter>
    </ClCompile>
    <ClCompile Include="src\bottle\bottletest.cpp">
      <Filter>bottle</Filter>
    </ClCompile>
    <ClCompile Include="src\bottle\BottleUtils.cpp">
      <Filter>bottle</Filter>
    </ClCompile>
    <ClCompile Include="src\bottle\Brain25.cpp">
      <Filter>bottle</Filter>
    </ClCompile>
    <ClCompile Include="src\bottle\GameFile.cpp">
      <Filter>bottle</Filter>
    </ClCompile>
    <ClCompile Include="src\bottle\GameUi.cpp">
      <Filter>bottle</Filter>
    </ClCompile>
    <ClCompile Include="src\bottle\Goal25.cpp">
      <Filter>bottle</Filter>
    </ClCompile>
    <ClCompile Include="src\bottle\Goal25MoveTo.cpp">
      <Filter>bottle</Filter>
    </ClCompile>
    <ClCompile Include="src\bottle\Goal25Think.cpp">
      <Filter>bottle</Filter>
    </ClCompile>
    <ClCompile Include="src\bottle\Lair.cpp">
      <Filter>bottle</Filter>
    </ClCompile>
    <ClCompile Include="src\bottle\ObFile.cpp">
      <Filter>bottle</Filter>
    </ClCompile>
    <ClCompile Include="src\bottle\SpriteBucket.cpp">
      <Filter>bottle</Filter>
    </ClCompile>
    <ClCompile Include="src\bottle\Tile25Spec.cpp">
      <Filter>bottle</Filter>
    </ClCompile>
    <ClCompile Include="src\bottle\W25Config.cpp">
      <Filter>bottle</Filter>
    </ClCompile>
    <ClCompile Include="src\bottle\W25GridMesh.cpp">
      <Filter>bottle</Filter>
    </ClCompile>
    <ClCompile Include="src\bottle\W25MeshMaker.cpp">
      <Filter>bottle</Filter>
    </ClCompile>
    <ClCompile Include="src\bottle\WalkerSpec.cpp">
      <Filter>bottle</Filter>
    </ClCompile>
    <ClCompile Include="src\bottle\WipGrid.cpp">
      <Filter>bottle</Filter>
    </ClCompile>
    <ClCompile Include="src\bottle\World25.cpp">
      <Filter>bottle</Filter>
    </ClCompile>
    <ClCompile Include="src\bottle\WorldCell.cpp">
      <Filter>bottle</Filter>
    </ClCompile>
    <ClCompile Include="src\bottle\WorldCellFile.cpp">
      <Filter>bottle</Filter>
    </ClCompile>
    <ClCompile Include="src\bottle\WorldEditor.cpp">
      <Filter>bottle</Filter>
    </ClCompile>
    <ClCompile Include="src\bottle\WorldEditState.cpp">
      <Filter>bottle</Filter>
    </ClCompile>
    <ClCompile Include="src\bottle\WorldGrid.cpp">
      <Filter>bottle</Filter>
    </ClCompile>
    <ClCompile Include="src\bottle\WorldMaker.cpp">
      <Filter>bottle</Filter>
    </ClCompile>
    <ClCompile Include="src\bottle\WorldObj.cpp">
      <Filter>bottle</Filter>
    </ClCompile>
    <ClCompile Include="src\bottle\BlockNode.cpp">
      <Filter>bottle</Filter>
    </ClCompile>
    <ClCompile Include="src\bottle\BottleScript.cpp">
      <Filter>bottle</Filter>
    </ClCompile>
    <ClCompile Include="src\math\MathUtils.cpp">
      <Filter>math</Filter>
    </ClCompile>
    <ClCompile Include="src\world\CSharpScript.cpp">
      <Filter>world</Filter>
    </ClCompile>
    <ClCompile Include="src\world\Script.cpp">
      <Filter>world</Filter>
    </ClCompile>
    <ClCompile Include="src\bottle\RTSCamScript.cpp">
      <Filter>bottle</Filter>
    </ClCompile>
    <ClCompile Include="src\bottle\WorldSelect.cpp">
      <Filter>bottle</Filter>
    </ClCompile>
    <ClCompile Include="src\gfx\FreeCameraScript.cpp">
      <Filter>gfx</Filter>
    </ClCompile>
    <ClCompile Include="src\world\Path.cpp">
      <Filter>world</Filter>
    </ClCompile>
    <ClCompile Include="src\math\Spline.cpp">
      <Filter>math</Filter>
    </ClCompile>
    <ClCompile Include="src\math\CubicBezierSpline.cpp">
      <Filter>math</Filter>
    </ClCompile>
    <ClCompile Include="src\base\GamePad.cpp">
      <Filter>base</Filter>
    </ClCompile>
    <ClCompile Include="src\base\EngineConfig.cpp">
      <Filter>base</Filter>
    </ClCompile>
  </ItemGroup>
  <ItemGroup>
    <ClInclude Include="src\base\AppRunner.h">
      <Filter>base</Filter>
    </ClInclude>
    <ClInclude Include="src\base\BaseHeader.h">
      <Filter>base</Filter>
    </ClInclude>
    <ClInclude Include="src\base\BinaryFile.h">
      <Filter>base</Filter>
    </ClInclude>
    <ClInclude Include="src\base\BuildConfig.h">
      <Filter>base</Filter>
    </ClInclude>
    <ClInclude Include="src\base\ConsoleColors.h">
      <Filter>base</Filter>
    </ClInclude>
    <ClInclude Include="src\base\Crc32.h">
      <Filter>base</Filter>
    </ClInclude>
    <ClInclude Include="src\base\DateTime.h">
      <Filter>base</Filter>
    </ClInclude>
    <ClInclude Include="src\base\DebugHelper.h">
      <Filter>base</Filter>
    </ClInclude>
    <ClInclude Include="src\base\Delta.h">
      <Filter>base</Filter>
    </ClInclude>
    <ClInclude Include="src\base\DiskFile.h">
      <Filter>base</Filter>
    </ClInclude>
    <ClInclude Include="src\base\DynamicBuffer.h">
      <Filter>base</Filter>
    </ClInclude>
    <ClInclude Include="src\base\EngineConfig.h">
      <Filter>base</Filter>
    </ClInclude>
    <ClInclude Include="src\base\EngineConfigFile.h">
      <Filter>base</Filter>
    </ClInclude>
    <ClInclude Include="src\base\Exception.h">
      <Filter>base</Filter>
    </ClInclude>
    <ClInclude Include="src\base\FileSystem.h">
      <Filter>base</Filter>
    </ClInclude>
    <ClInclude Include="src\base\FpsMeter.h">
      <Filter>base</Filter>
    </ClInclude>
    <ClInclude Include="src\base\FrameSync.h">
      <Filter>base</Filter>
    </ClInclude>
    <ClInclude Include="src\base\GLContext.h">
      <Filter>base</Filter>
    </ClInclude>
    <ClInclude Include="src\base\GlobalIncludes.h">
      <Filter>base</Filter>
    </ClInclude>
    <ClInclude Include="src\base\GraphicsWindow.h">
      <Filter>base</Filter>
    </ClInclude>
    <ClInclude Include="src\base\GrowBuffer.h">
      <Filter>base</Filter>
    </ClInclude>
    <ClInclude Include="src\base\Gu.h">
      <Filter>base</Filter>
    </ClInclude>
    <ClInclude Include="src\base\Hash.h">
      <Filter>base</Filter>
    </ClInclude>
    <ClInclude Include="src\base\HashMap.h">
      <Filter>base</Filter>
    </ClInclude>
    <ClInclude Include="src\base\Img32.h">
      <Filter>base</Filter>
    </ClInclude>
    <ClInclude Include="src\base\IOBase.h">
      <Filter>base</Filter>
    </ClInclude>
    <ClInclude Include="src\base\Logger.h">
      <Filter>base</Filter>
    </ClInclude>
    <ClInclude Include="src\base\MachineTypes.h">
      <Filter>base</Filter>
    </ClInclude>
    <ClInclude Include="src\base\Net.h">
      <Filter>base</Filter>
    </ClInclude>
    <ClInclude Include="src\base\oglErr.h">
      <Filter>base</Filter>
    </ClInclude>
    <ClInclude Include="src\base\OpenGLWindow.h">
      <Filter>base</Filter>
    </ClInclude>
    <ClInclude Include="src\base\OperatingSystem.h">
      <Filter>base</Filter>
    </ClInclude>
    <ClInclude Include="src\base\Perf.h">
      <Filter>base</Filter>
    </ClInclude>
    <ClInclude Include="src\base\PoundFile.h">
      <Filter>base</Filter>
    </ClInclude>
    <ClInclude Include="src\base\RetCode.h">
      <Filter>base</Filter>
    </ClInclude>
    <ClInclude Include="src\base\SDLUtils.h">
      <Filter>base</Filter>
    </ClInclude>
    <ClInclude Include="src\base\Sequencer.h">
      <Filter>base</Filter>
    </ClInclude>
    <ClInclude Include="src\base\SoundCache.h">
      <Filter>base</Filter>
    </ClInclude>
    <ClInclude Include="src\base\Stopwatch.h">
      <Filter>base</Filter>
    </ClInclude>
    <ClInclude Include="src\base\StreamBuffer.h">
      <Filter>base</Filter>
    </ClInclude>
    <ClInclude Include="src\base\StringExtensions.h">
      <Filter>base</Filter>
    </ClInclude>
    <ClInclude Include="src\base\StringUtil.h">
      <Filter>base</Filter>
    </ClInclude>
    <ClInclude Include="src\base\SyncTimer.h">
      <Filter>base</Filter>
    </ClInclude>
    <ClInclude Include="src\base\TextConfigFile.h">
      <Filter>base</Filter>
    </ClInclude>
    <ClInclude Include="src\base\TextDataFile.h">
      <Filter>base</Filter>
    </ClInclude>
    <ClInclude Include="src\base\TextParser.h">
      <Filter>base</Filter>
    </ClInclude>
    <ClInclude Include="src\base\TouchInfo.h">
      <Filter>base</Filter>
    </ClInclude>
    <ClInclude Include="src\base\TreeNode.h">
      <Filter>base</Filter>
    </ClInclude>
    <ClInclude Include="src\base\TypeCast.h">
      <Filter>base</Filter>
    </ClInclude>
    <ClInclude Include="src\base\TypeConv.h">
      <Filter>base</Filter>
    </ClInclude>
    <ClInclude Include="src\base\VulkanWindow.h">
      <Filter>base</Filter>
    </ClInclude>
    <ClInclude Include="src\base\XmlFile.h">
      <Filter>base</Filter>
    </ClInclude>
    <ClInclude Include="src\base\Allocator.h">
      <Filter>base</Filter>
    </ClInclude>
    <ClInclude Include="src\ext\dirent.h">
      <Filter>ext</Filter>
    </ClInclude>
    <ClInclude Include="src\ext\libc.h">
      <Filter>ext</Filter>
    </ClInclude>
    <ClInclude Include="src\ext\lodepng.h">
      <Filter>ext</Filter>
    </ClInclude>
    <ClInclude Include="src\ext\stb_truetype.h">
      <Filter>ext</Filter>
    </ClInclude>
    <ClInclude Include="src\ext\pugixml\pugixml.hpp">
      <Filter>ext\pugixml</Filter>
    </ClInclude>
    <ClInclude Include="src\ext\pugixml\pugiconfig.hpp">
      <Filter>ext\pugixml</Filter>
    </ClInclude>
    <ClInclude Include="src\gfx\FontTextBuffer.h">
      <Filter>gfx</Filter>
    </ClInclude>
    <ClInclude Include="src\gfx\ForwardFramebuffer.h">
      <Filter>gfx</Filter>
    </ClInclude>
    <ClInclude Include="src\gfx\FramebufferBase.h">
      <Filter>gfx</Filter>
    </ClInclude>
    <ClInclude Include="src\gfx\FrustumBase.h">
      <Filter>gfx</Filter>
    </ClInclude>
    <ClInclude Include="src\gfx\FrustumProjectionParameters.h">
      <Filter>gfx</Filter>
    </ClInclude>
    <ClInclude Include="src\gfx\GfxHeader.h">
      <Filter>gfx</Filter>
    </ClInclude>
    <ClInclude Include="src\gfx\GpuComputeSync.h">
      <Filter>gfx</Filter>
    </ClInclude>
    <ClInclude Include="src\gfx\GpuQuad3.h">
      <Filter>gfx</Filter>
    </ClInclude>
    <ClInclude Include="src\gfx\GraphicsApi.h">
      <Filter>gfx</Filter>
    </ClInclude>
    <ClInclude Include="src\gfx\GraphicsContext.h">
      <Filter>gfx</Filter>
    </ClInclude>
    <ClInclude Include="src\gfx\HappySky.h">
      <Filter>gfx</Filter>
    </ClInclude>
    <ClInclude Include="src\gfx\LightManager.h">
      <Filter>gfx</Filter>
    </ClInclude>
    <ClInclude Include="src\gfx\LightNode.h">
      <Filter>gfx</Filter>
    </ClInclude>
    <ClInclude Include="src\gfx\MegaTex.h">
      <Filter>gfx</Filter>
    </ClInclude>
    <ClInclude Include="src\gfx\OpenGLApi.h">
      <Filter>gfx</Filter>
    </ClInclude>
    <ClInclude Include="src\gfx\Particles.h">
      <Filter>gfx</Filter>
    </ClInclude>
    <ClInclude Include="src\gfx\Picker.h">
      <Filter>gfx</Filter>
    </ClInclude>
    <ClInclude Include="src\gfx\QuadBufferMesh.h">
      <Filter>gfx</Filter>
    </ClInclude>
    <ClInclude Include="src\gfx\RenderParams.h">
      <Filter>gfx</Filter>
    </ClInclude>
    <ClInclude Include="src\gfx\RenderPipe.h">
      <Filter>gfx</Filter>
    </ClInclude>
    <ClInclude Include="src\gfx\RenderSettings.h">
      <Filter>gfx</Filter>
    </ClInclude>
    <ClInclude Include="src\gfx\RenderUtils.h">
      <Filter>gfx</Filter>
    </ClInclude>
    <ClInclude Include="src\gfx\ScreenProps.h">
      <Filter>gfx</Filter>
    </ClInclude>
    <ClInclude Include="src\gfx\ShaderAttribute.h">
      <Filter>gfx</Filter>
    </ClInclude>
    <ClInclude Include="src\gfx\ShaderBase.h">
      <Filter>gfx</Filter>
    </ClInclude>
    <ClInclude Include="src\gfx\ShaderCache.h">
      <Filter>gfx</Filter>
    </ClInclude>
    <ClInclude Include="src\gfx\ShaderCompiler.h">
      <Filter>gfx</Filter>
    </ClInclude>
    <ClInclude Include="src\gfx\ShaderMaker.h">
      <Filter>gfx</Filter>
    </ClInclude>
    <ClInclude Include="src\gfx\ShaderSubProgram.h">
      <Filter>gfx</Filter>
    </ClInclude>
    <ClInclude Include="src\gfx\ShaderUniform.h">
      <Filter>gfx</Filter>
    </ClInclude>
    <ClInclude Include="src\gfx\ShadowBox.h">
      <Filter>gfx</Filter>
    </ClInclude>
    <ClInclude Include="src\gfx\ShadowBoxSide.h">
      <Filter>gfx</Filter>
    </ClInclude>
    <ClInclude Include="src\gfx\ShadowFrustum.h">
      <Filter>gfx</Filter>
    </ClInclude>
    <ClInclude Include="src\gfx\TexCache.h">
      <Filter>gfx</Filter>
    </ClInclude>
    <ClInclude Include="src\gfx\Texture2DSpec.h">
      <Filter>gfx</Filter>
    </ClInclude>
    <ClInclude Include="src\gfx\UiBase.h">
      <Filter>gfx</Filter>
    </ClInclude>
    <ClInclude Include="src\gfx\UiControls.h">
      <Filter>gfx</Filter>
    </ClInclude>
    <ClInclude Include="src\gfx\UiSkin.h">
      <Filter>gfx</Filter>
    </ClInclude>
    <ClInclude Include="src\gfx\VulkanApi.h">
      <Filter>gfx</Filter>
    </ClInclude>
    <ClInclude Include="src\gfx\VulkanContext.h">
      <Filter>gfx</Filter>
    </ClInclude>
    <ClInclude Include="src\gfx\Atlas.h">
      <Filter>gfx</Filter>
    </ClInclude>
    <ClInclude Include="src\gfx\CameraNode.h">
      <Filter>gfx</Filter>
    </ClInclude>
    <ClInclude Include="src\gfx\DeferredFramebuffer.h">
      <Filter>gfx</Filter>
    </ClInclude>
    <ClInclude Include="src\math\CollisionEquations.h">
      <Filter>math</Filter>
    </ClInclude>
    <ClInclude Include="src\math\ConvexAlgorithms.h">
      <Filter>math</Filter>
    </ClInclude>
    <ClInclude Include="src\math\Line3.h">
      <Filter>math</Filter>
    </ClInclude>
    <ClInclude Include="src\math\MathAll.h">
      <Filter>math</Filter>
    </ClInclude>
    <ClInclude Include="src\math\MathHeader.h">
      <Filter>math</Filter>
    </ClInclude>
    <ClInclude Include="src\math\Matrix3x3.h">
      <Filter>math</Filter>
    </ClInclude>
    <ClInclude Include="src\math\Matrix4x4.h">
      <Filter>math</Filter>
    </ClInclude>
    <ClInclude Include="src\math\Minimax.h">
      <Filter>math</Filter>
    </ClInclude>
    <ClInclude Include="src\math\Plane3.h">
      <Filter>math</Filter>
    </ClInclude>
    <ClInclude Include="src\math\PlaneEx3.h">
      <Filter>math</Filter>
    </ClInclude>
    <ClInclude Include="src\math\ProjectedRay.h">
      <Filter>math</Filter>
    </ClInclude>
    <ClInclude Include="src\math\Quad3x.h">
      <Filter>math</Filter>
    </ClInclude>
    <ClInclude Include="src\math\QuadPlane.h">
      <Filter>math</Filter>
    </ClInclude>
    <ClInclude Include="src\math\Quaternion.h">
      <Filter>math</Filter>
    </ClInclude>
    <ClInclude Include="src\math\Random.h">
      <Filter>math</Filter>
    </ClInclude>
    <ClInclude Include="src\math\RaycastHit.h">
      <Filter>math</Filter>
    </ClInclude>
    <ClInclude Include="src\math\Sphere3.h">
      <Filter>math</Filter>
    </ClInclude>
    <ClInclude Include="src\math\TriPlane.h">
      <Filter>math</Filter>
    </ClInclude>
    <ClInclude Include="src\math\Vec2x.h">
      <Filter>math</Filter>
    </ClInclude>
    <ClInclude Include="src\math\Vec3Basis.h">
      <Filter>math</Filter>
    </ClInclude>
    <ClInclude Include="src\math\Vec3x.h">
      <Filter>math</Filter>
    </ClInclude>
    <ClInclude Include="src\math\Vec4x.h">
      <Filter>math</Filter>
    </ClInclude>
    <ClInclude Include="src\math\Algorithm.h">
      <Filter>math</Filter>
    </ClInclude>
    <ClInclude Include="src\math\BitHacks.h">
      <Filter>math</Filter>
    </ClInclude>
    <ClInclude Include="src\math\Box2x.h">
      <Filter>math</Filter>
    </ClInclude>
    <ClInclude Include="src\math\Box3x.h">
      <Filter>math</Filter>
    </ClInclude>
    <ClInclude Include="src\math\BoxUtils.h">
      <Filter>math</Filter>
    </ClInclude>
    <ClInclude Include="src\model\FragmentBufferData.h">
      <Filter>model</Filter>
    </ClInclude>
    <ClInclude Include="src\model\GpuBufferData.h">
      <Filter>model</Filter>
    </ClInclude>
    <ClInclude Include="src\model\HierarchyString.h">
      <Filter>model</Filter>
    </ClInclude>
    <ClInclude Include="src\model\IboData.h">
      <Filter>model</Filter>
    </ClInclude>
    <ClInclude Include="src\model\IndexBufferData.h">
      <Filter>model</Filter>
    </ClInclude>
    <ClInclude Include="src\model\Material.h">
      <Filter>model</Filter>
    </ClInclude>
    <ClInclude Include="src\model\MbiFile.h">
      <Filter>model</Filter>
    </ClInclude>
    <ClInclude Include="src\model\MeshNode.h">
      <Filter>model</Filter>
    </ClInclude>
    <ClInclude Include="src\model\MeshSpec.h">
      <Filter>model</Filter>
    </ClInclude>
    <ClInclude Include="src\model\MeshUtils.h">
      <Filter>model</Filter>
    </ClInclude>
    <ClInclude Include="src\model\MobFile.h">
      <Filter>model</Filter>
    </ClInclude>
    <ClInclude Include="src\model\Model.h">
      <Filter>model</Filter>
    </ClInclude>
    <ClInclude Include="src\model\ModelCache.h">
      <Filter>model</Filter>
    </ClInclude>
    <ClInclude Include="src\model\ModelHeader.h">
      <Filter>model</Filter>
    </ClInclude>
    <ClInclude Include="src\model\ModelThumb.h">
      <Filter>model</Filter>
    </ClInclude>
    <ClInclude Include="src\model\OBB.h">
      <Filter>model</Filter>
    </ClInclude>
    <ClInclude Include="src\model\ShaderStorageBuffer.h">
      <Filter>model</Filter>
    </ClInclude>
    <ClInclude Include="src\model\TextBufferMesh.h">
      <Filter>model</Filter>
    </ClInclude>
    <ClInclude Include="src\model\TileMesh25.h">
      <Filter>model</Filter>
    </ClInclude>
    <ClInclude Include="src\model\UtilMesh.h">
      <Filter>model</Filter>
    </ClInclude>
    <ClInclude Include="src\model\UtilMeshAxis.h">
      <Filter>model</Filter>
    </ClInclude>
    <ClInclude Include="src\model\UtilMeshBox.h">
      <Filter>model</Filter>
    </ClInclude>
    <ClInclude Include="src\model\UtilMeshGrid.h">
      <Filter>model</Filter>
    </ClInclude>
    <ClInclude Include="src\model\UtilMeshInline.h">
      <Filter>model</Filter>
    </ClInclude>
    <ClInclude Include="src\model\UtilMeshSphere.h">
      <Filter>model</Filter>
    </ClInclude>
    <ClInclude Include="src\model\VaoDataGeneric.h">
      <Filter>model</Filter>
    </ClInclude>
    <ClInclude Include="src\model\VboData.h">
      <Filter>model</Filter>
    </ClInclude>
    <ClInclude Include="src\model\VertexAdjacencyMap.h">
      <Filter>model</Filter>
    </ClInclude>
    <ClInclude Include="src\model\VertexFormat.h">
      <Filter>model</Filter>
    </ClInclude>
    <ClInclude Include="src\model\VertexTypes.h">
      <Filter>model</Filter>
    </ClInclude>
    <ClInclude Include="src\model\Animation.h">
      <Filter>model</Filter>
    </ClInclude>
    <ClInclude Include="src\world\PhysicsGrid.h">
      <Filter>world</Filter>
    </ClInclude>
    <ClInclude Include="src\world\PhysicsGridAwareness.h">
      <Filter>world</Filter>
    </ClInclude>
    <ClInclude Include="src\world\PhysicsNode.h">
      <Filter>world</Filter>
    </ClInclude>
    <ClInclude Include="src\world\PhysicsShapes.h">
      <Filter>world</Filter>
    </ClInclude>
    <ClInclude Include="src\world\PhysicsWorld.h">
      <Filter>world</Filter>
    </ClInclude>
    <ClInclude Include="src\world\RenderBucket.h">
      <Filter>world</Filter>
    </ClInclude>
    <ClInclude Include="src\world\WorldHeader.h">
      <Filter>world</Filter>
    </ClInclude>
    <ClInclude Include="src\world\Manifold.h">
      <Filter>world</Filter>
    </ClInclude>
    <ClInclude Include="src\base\ObjFile.h">
      <Filter>base</Filter>
    </ClInclude>
    <ClInclude Include="src\base\SDLIncludes.h">
      <Filter>base</Filter>
    </ClInclude>
    <ClInclude Include="src\base\SDLGLIncludes.h">
      <Filter>base</Filter>
    </ClInclude>
    <ClInclude Include="src\base\WindowsIncludes.h">
      <Filter>base</Filter>
    </ClInclude>
    <ClInclude Include="src\base\BaseDefines.h">
      <Filter>base</Filter>
    </ClInclude>
    <ClInclude Include="src\base\StringWrapper.h">
      <Filter>base</Filter>
    </ClInclude>
    <ClInclude Include="src\base\OperatingSystemHeader.h">
      <Filter>base</Filter>
    </ClInclude>
    <ClInclude Include="src\model\SceneNode.h">
      <Filter>model</Filter>
    </ClInclude>
    <ClInclude Include="src\base\InputManager.h">
      <Filter>base</Filter>
    </ClInclude>
    <ClInclude Include="src\gfx\ParticleManager.h">
      <Filter>gfx</Filter>
    </ClInclude>
    <ClInclude Include="src\world\Scene.h">
      <Filter>world</Filter>
    </ClInclude>
    <ClInclude Include="src\world\Component.h">
      <Filter>world</Filter>
    </ClInclude>
    <ClInclude Include="src\world\BaseCollider.h">
      <Filter>world</Filter>
    </ClInclude>
    <ClInclude Include="src\gfx\RenderViewport.h">
      <Filter>gfx</Filter>
    </ClInclude>
    <ClInclude Include="src\gfx\BufferRenderTarget.h">
      <Filter>gfx</Filter>
    </ClInclude>
    <ClInclude Include="src\gfx\RenderTarget.h">
      <Filter>gfx</Filter>
    </ClInclude>
    <ClInclude Include="src\world\NodeUtils.h">
      <Filter>world</Filter>
    </ClInclude>
    <ClInclude Include="src\base\ApplicationPackage.h">
      <Filter>base</Filter>
    </ClInclude>
    <ClInclude Include="src\base\PackageConfiguration.h">
      <Filter>base</Filter>
    </ClInclude>
    <ClInclude Include="src\base\CSharp.h">
      <Filter>base</Filter>
    </ClInclude>
    <ClInclude Include="src\bottle\BottleUtils.h">
      <Filter>bottle</Filter>
    </ClInclude>
    <ClInclude Include="src\bottle\Brain25.h">
      <Filter>bottle</Filter>
    </ClInclude>
    <ClInclude Include="src\bottle\GameFile.h">
      <Filter>bottle</Filter>
    </ClInclude>
    <ClInclude Include="src\bottle\GameUi.h">
      <Filter>bottle</Filter>
    </ClInclude>
    <ClInclude Include="src\bottle\Goal25.h">
      <Filter>bottle</Filter>
    </ClInclude>
    <ClInclude Include="src\bottle\Goal25MoveTo.h">
      <Filter>bottle</Filter>
    </ClInclude>
    <ClInclude Include="src\bottle\Goal25Think.h">
      <Filter>bottle</Filter>
    </ClInclude>
    <ClInclude Include="src\bottle\Lair.h">
      <Filter>bottle</Filter>
    </ClInclude>
    <ClInclude Include="src\bottle\ObFile.h">
      <Filter>bottle</Filter>
    </ClInclude>
    <ClInclude Include="src\bottle\SpriteBucket.h">
      <Filter>bottle</Filter>
    </ClInclude>
    <ClInclude Include="src\bottle\Tile25Spec.h">
      <Filter>bottle</Filter>
    </ClInclude>
    <ClInclude Include="src\bottle\W25Config.h">
      <Filter>bottle</Filter>
    </ClInclude>
    <ClInclude Include="src\bottle\W25GridMesh.h">
      <Filter>bottle</Filter>
    </ClInclude>
    <ClInclude Include="src\bottle\W25MeshMaker.h">
      <Filter>bottle</Filter>
    </ClInclude>
    <ClInclude Include="src\bottle\WalkerSpec.h">
      <Filter>bottle</Filter>
    </ClInclude>
    <ClInclude Include="src\bottle\WipGrid.h">
      <Filter>bottle</Filter>
    </ClInclude>
    <ClInclude Include="src\bottle\World25.h">
      <Filter>bottle</Filter>
    </ClInclude>
    <ClInclude Include="src\bottle\WorldCell.h">
      <Filter>bottle</Filter>
    </ClInclude>
    <ClInclude Include="src\bottle\WorldCellFile.h">
      <Filter>bottle</Filter>
    </ClInclude>
    <ClInclude Include="src\bottle\WorldEditor.h">
      <Filter>bottle</Filter>
    </ClInclude>
    <ClInclude Include="src\bottle\WorldEditState.h">
      <Filter>bottle</Filter>
    </ClInclude>
    <ClInclude Include="src\bottle\WorldGrid.h">
      <Filter>bottle</Filter>
    </ClInclude>
    <ClInclude Include="src\bottle\WorldMaker.h">
      <Filter>bottle</Filter>
    </ClInclude>
    <ClInclude Include="src\bottle\WorldObj.h">
      <Filter>bottle</Filter>
    </ClInclude>
    <ClInclude Include="src\bottle\BlockNode.h">
      <Filter>bottle</Filter>
    </ClInclude>
    <ClInclude Include="src\bottle\BottleHeader.h">
      <Filter>bottle</Filter>
    </ClInclude>
    <ClInclude Include="src\bottle\BottleScript.h">
      <Filter>bottle</Filter>
    </ClInclude>
    <ClInclude Include="src\world\CSharpScript.h">
      <Filter>world</Filter>
    </ClInclude>
    <ClInclude Include="src\world\Script.h">
      <Filter>world</Filter>
    </ClInclude>
    <ClInclude Include="src\bottle\RTSCamScript.h">
      <Filter>bottle</Filter>
    </ClInclude>
    <ClInclude Include="src\bottle\WorldSelect.h">
      <Filter>bottle</Filter>
    </ClInclude>
    <ClInclude Include="src\gfx\FreeCameraScript.h">
      <Filter>gfx</Filter>
    </ClInclude>
    <ClInclude Include="src\world\Path.h">
      <Filter>world</Filter>
    </ClInclude>
    <ClInclude Include="src\math\Spline.h">
      <Filter>math</Filter>
    </ClInclude>
    <ClInclude Include="src\math\CubicBezierSpline.h">
      <Filter>math</Filter>
    </ClInclude>
    <ClInclude Include="src\base\GamePad.h">
      <Filter>base</Filter>
    </ClInclude>
  </ItemGroup>
  <ItemGroup>
    <None Include="project\devlog.md" />
    <None Include="project\design.md" />
    <None Include="project\tasks.md" />
  </ItemGroup>
  <ItemGroup>
    <Text Include="notes.md" />
  </ItemGroup>
</Project>