<?xml version="1.0" encoding="utf-8"?>
<Project ToolsVersion="4.0" xmlns="http://schemas.microsoft.com/developer/msbuild/2003">
  <ItemGroup>
    <Filter Include="base">
      <UniqueIdentifier>{7b7a7c25-bf20-4533-b59e-3676b8f0b1c9}</UniqueIdentifier>
    </Filter>
    <Filter Include="ext">
      <UniqueIdentifier>{491579bc-9003-412d-bdb7-0c7a8c901984}</UniqueIdentifier>
    </Filter>
    <Filter Include="math">
      <UniqueIdentifier>{1a04a56c-117f-4bfd-80df-00147ceaf51e}</UniqueIdentifier>
    </Filter>
    <Filter Include="model">
      <UniqueIdentifier>{d7bcb03a-e148-452e-864c-9cd9348588c7}</UniqueIdentifier>
    </Filter>
    <Filter Include="world">
      <UniqueIdentifier>{968b2e14-3b8f-4ba5-a5a8-f2aec58a2f02}</UniqueIdentifier>
    </Filter>
    <Filter Include="ext\pugixml">
      <UniqueIdentifier>{d2658863-2ad1-453a-8f53-18210e73b8c6}</UniqueIdentifier>
    </Filter>
    <Filter Include="app">
      <UniqueIdentifier>{a2fca983-dd27-4701-907f-87ac3ae2f2d5}</UniqueIdentifier>
    </Filter>
    <Filter Include="ext\rapidjson">
      <UniqueIdentifier>{ef2e0bdc-785a-4da5-befb-c555ea9ebd22}</UniqueIdentifier>
    </Filter>
    <Filter Include="ui">
      <UniqueIdentifier>{65abf7ed-5c6b-49fe-9ec4-69eba8d06c75}</UniqueIdentifier>
    </Filter>
    <Filter Include="graphics">
      <UniqueIdentifier>{23668c34-e309-4ae8-89e0-32325e1c07ee}</UniqueIdentifier>
    </Filter>
  </ItemGroup>
  <ItemGroup>
    <ClInclude Include="src\base\BaseHeader.h">
      <Filter>base</Filter>
    </ClInclude>
    <ClInclude Include="src\base\BinaryFile.h">
      <Filter>base</Filter>
    </ClInclude>
    <ClInclude Include="src\base\BuildConfig.h">
      <Filter>base</Filter>
    </ClInclude>
    <ClInclude Include="src\base\ConsoleColors.h">
      <Filter>base</Filter>
    </ClInclude>
    <ClInclude Include="src\base\CoreHeader.h">
      <Filter>base</Filter>
    </ClInclude>
    <ClInclude Include="src\base\Crc32.h">
      <Filter>base</Filter>
    </ClInclude>
    <ClInclude Include="src\base\DateTime.h">
      <Filter>base</Filter>
    </ClInclude>
    <ClInclude Include="src\base\DebugHelper.h">
      <Filter>base</Filter>
    </ClInclude>
    <ClInclude Include="src\base\DiskFile.h">
      <Filter>base</Filter>
    </ClInclude>
    <ClInclude Include="src\base\DynamicBuffer.h">
      <Filter>base</Filter>
    </ClInclude>
    <ClInclude Include="src\base\EngineConfig.h">
      <Filter>base</Filter>
    </ClInclude>
    <ClInclude Include="src\base\EngineConfigFile.h">
      <Filter>base</Filter>
    </ClInclude>
    <ClInclude Include="src\base\Exception.h">
      <Filter>base</Filter>
    </ClInclude>
    <ClInclude Include="src\base\FileSystem.h">
      <Filter>base</Filter>
    </ClInclude>
    <ClInclude Include="src\base\FrameSync.h">
      <Filter>base</Filter>
    </ClInclude>
    <ClInclude Include="src\base\GameMemory.h">
      <Filter>base</Filter>
    </ClInclude>
    <ClInclude Include="src\base\GLContext.h">
      <Filter>base</Filter>
    </ClInclude>
    <ClInclude Include="src\base\GlobalIncludes.h">
      <Filter>base</Filter>
    </ClInclude>
    <ClInclude Include="src\base\GrowBuffer.h">
      <Filter>base</Filter>
    </ClInclude>
    <ClInclude Include="src\base\Gu.h">
      <Filter>base</Filter>
    </ClInclude>
    <ClInclude Include="src\base\Hash.h">
      <Filter>base</Filter>
    </ClInclude>
    <ClInclude Include="src\base\HashMap.h">
      <Filter>base</Filter>
    </ClInclude>
    <ClInclude Include="src\base\Img32.h">
      <Filter>base</Filter>
    </ClInclude>
    <ClInclude Include="src\base\IOBase.h">
      <Filter>base</Filter>
    </ClInclude>
    <ClInclude Include="src\base\Logger.h">
      <Filter>base</Filter>
    </ClInclude>
    <ClInclude Include="src\base\MachineTypes.h">
      <Filter>base</Filter>
    </ClInclude>
    <ClInclude Include="src\base\MemFile.h">
      <Filter>base</Filter>
    </ClInclude>
    <ClInclude Include="src\base\Net.h">
      <Filter>base</Filter>
    </ClInclude>
    <ClInclude Include="src\base\ObjectFile.h">
      <Filter>base</Filter>
    </ClInclude>
    <ClInclude Include="src\base\oglErr.h">
      <Filter>base</Filter>
    </ClInclude>
    <ClInclude Include="src\base\OperatingSystem.h">
      <Filter>base</Filter>
    </ClInclude>
    <ClInclude Include="src\base\OperatingSystemHeader.h">
      <Filter>base</Filter>
    </ClInclude>
    <ClInclude Include="src\base\Package.h">
      <Filter>base</Filter>
    </ClInclude>
    <ClInclude Include="src\base\PoundFile.h">
      <Filter>base</Filter>
    </ClInclude>
    <ClInclude Include="src\base\RetCode.h">
      <Filter>base</Filter>
    </ClInclude>
    <ClInclude Include="src\base\Sequencer.h">
      <Filter>base</Filter>
    </ClInclude>
    <ClInclude Include="src\base\SoundCache.h">
      <Filter>base</Filter>
    </ClInclude>
    <ClInclude Include="src\base\StackInfo.h">
      <Filter>base</Filter>
    </ClInclude>
    <ClInclude Include="src\base\Stopwatch.h">
      <Filter>base</Filter>
    </ClInclude>
    <ClInclude Include="src\base\StreamBuffer.h">
      <Filter>base</Filter>
    </ClInclude>
    <ClInclude Include="src\base\StringExtensions.h">
      <Filter>base</Filter>
    </ClInclude>
    <ClInclude Include="src\base\StringUtil.h">
      <Filter>base</Filter>
    </ClInclude>
    <ClInclude Include="src\base\SyncTimer.h">
      <Filter>base</Filter>
    </ClInclude>
    <ClInclude Include="src\base\TextConfigFile.h">
      <Filter>base</Filter>
    </ClInclude>
    <ClInclude Include="src\base\TextDataFile.h">
      <Filter>base</Filter>
    </ClInclude>
    <ClInclude Include="src\base\TextParser.h">
      <Filter>base</Filter>
    </ClInclude>
    <ClInclude Include="src\base\TouchInfo.h">
      <Filter>base</Filter>
    </ClInclude>
    <ClInclude Include="src\base\TreeNode.h">
      <Filter>base</Filter>
    </ClInclude>
    <ClInclude Include="src\base\TypeCast.h">
      <Filter>base</Filter>
    </ClInclude>
    <ClInclude Include="src\base\TypeConv.h">
      <Filter>base</Filter>
    </ClInclude>
    <ClInclude Include="src\base\XmlFile.h">
      <Filter>base</Filter>
    </ClInclude>
    <ClInclude Include="src\base\Allocator.h">
      <Filter>base</Filter>
    </ClInclude>
    <ClInclude Include="src\base\AppRunner.h">
      <Filter>base</Filter>
    </ClInclude>
    <ClInclude Include="src\base\BaseAll.h">
      <Filter>base</Filter>
    </ClInclude>
    <ClInclude Include="src\ext\pugixml\pugixml.hpp">
      <Filter>ext\pugixml</Filter>
    </ClInclude>
    <ClInclude Include="src\ext\pugixml\pugiconfig.hpp">
      <Filter>ext\pugixml</Filter>
    </ClInclude>
    <ClInclude Include="src\ext\dirent.h">
      <Filter>ext</Filter>
    </ClInclude>
    <ClInclude Include="src\ext\libc.h">
      <Filter>ext</Filter>
    </ClInclude>
    <ClInclude Include="src\ext\lodepng.h">
      <Filter>ext</Filter>
    </ClInclude>
    <ClInclude Include="src\ext\stb_truetype.h">
      <Filter>ext</Filter>
    </ClInclude>
    <ClInclude Include="src\math\BoxUtils.h">
      <Filter>math</Filter>
    </ClInclude>
    <ClInclude Include="src\math\CollisionEquations.h">
      <Filter>math</Filter>
    </ClInclude>
    <ClInclude Include="src\math\ConvexAlgorithms.h">
      <Filter>math</Filter>
    </ClInclude>
    <ClInclude Include="src\math\Line3.h">
      <Filter>math</Filter>
    </ClInclude>
    <ClInclude Include="src\math\MathAll.h">
      <Filter>math</Filter>
    </ClInclude>
    <ClInclude Include="src\math\MathHeader.h">
      <Filter>math</Filter>
    </ClInclude>
    <ClInclude Include="src\math\Matrix3x3.h">
      <Filter>math</Filter>
    </ClInclude>
    <ClInclude Include="src\math\Matrix4x4.h">
      <Filter>math</Filter>
    </ClInclude>
    <ClInclude Include="src\math\Minimax.h">
      <Filter>math</Filter>
    </ClInclude>
    <ClInclude Include="src\math\Plane3.h">
      <Filter>math</Filter>
    </ClInclude>
    <ClInclude Include="src\math\PlaneEx3.h">
      <Filter>math</Filter>
    </ClInclude>
    <ClInclude Include="src\math\ProjectedRay.h">
      <Filter>math</Filter>
    </ClInclude>
    <ClInclude Include="src\math\Quad3x.h">
      <Filter>math</Filter>
    </ClInclude>
    <ClInclude Include="src\math\QuadPlane.h">
      <Filter>math</Filter>
    </ClInclude>
    <ClInclude Include="src\math\Quaternion.h">
      <Filter>math</Filter>
    </ClInclude>
    <ClInclude Include="src\math\Random.h">
      <Filter>math</Filter>
    </ClInclude>
    <ClInclude Include="src\math\RaycastHit.h">
      <Filter>math</Filter>
    </ClInclude>
    <ClInclude Include="src\math\Sphere3.h">
      <Filter>math</Filter>
    </ClInclude>
    <ClInclude Include="src\math\TriPlane.h">
      <Filter>math</Filter>
    </ClInclude>
    <ClInclude Include="src\math\Vec2x.h">
      <Filter>math</Filter>
    </ClInclude>
    <ClInclude Include="src\math\Vec3Basis.h">
      <Filter>math</Filter>
    </ClInclude>
    <ClInclude Include="src\math\Vec3x.h">
      <Filter>math</Filter>
    </ClInclude>
    <ClInclude Include="src\math\Vec4x.h">
      <Filter>math</Filter>
    </ClInclude>
    <ClInclude Include="src\math\Algorithm.h">
      <Filter>math</Filter>
    </ClInclude>
    <ClInclude Include="src\math\BitHacks.h">
      <Filter>math</Filter>
    </ClInclude>
    <ClInclude Include="src\math\Box2x.h">
      <Filter>math</Filter>
    </ClInclude>
    <ClInclude Include="src\math\Box3x.h">
      <Filter>math</Filter>
    </ClInclude>
    <ClInclude Include="src\model\GpuBufferData.h">
      <Filter>model</Filter>
    </ClInclude>
    <ClInclude Include="src\model\HierarchyString.h">
      <Filter>model</Filter>
    </ClInclude>
    <ClInclude Include="src\model\IboData.h">
      <Filter>model</Filter>
    </ClInclude>
    <ClInclude Include="src\model\IndexBufferData.h">
      <Filter>model</Filter>
    </ClInclude>
    <ClInclude Include="src\model\Material.h">
      <Filter>model</Filter>
    </ClInclude>
    <ClInclude Include="src\model\MbiFile.h">
      <Filter>model</Filter>
    </ClInclude>
    <ClInclude Include="src\model\MeshCache.h">
      <Filter>model</Filter>
    </ClInclude>
    <ClInclude Include="src\model\MeshNode.h">
      <Filter>model</Filter>
    </ClInclude>
    <ClInclude Include="src\model\MeshSpecHierarchy.h">
      <Filter>model</Filter>
    </ClInclude>
    <ClInclude Include="src\model\MeshUtils.h">
      <Filter>model</Filter>
    </ClInclude>
    <ClInclude Include="src\model\MobFile.h">
      <Filter>model</Filter>
    </ClInclude>
    <ClInclude Include="src\model\Model.h">
      <Filter>model</Filter>
    </ClInclude>
    <ClInclude Include="src\model\ModelCache.h">
      <Filter>model</Filter>
    </ClInclude>
    <ClInclude Include="src\model\ModelHeader.h">
      <Filter>model</Filter>
    </ClInclude>
    <ClInclude Include="src\model\ModelThumb.h">
      <Filter>model</Filter>
    </ClInclude>
    <ClInclude Include="src\model\ModFile.h">
      <Filter>model</Filter>
    </ClInclude>
    <ClInclude Include="src\model\OBB.h">
      <Filter>model</Filter>
    </ClInclude>
    <ClInclude Include="src\model\ShaderStorageBuffer.h">
      <Filter>model</Filter>
    </ClInclude>
    <ClInclude Include="src\model\TextBufferMesh.h">
      <Filter>model</Filter>
    </ClInclude>
    <ClInclude Include="src\model\TileMesh25.h">
      <Filter>model</Filter>
    </ClInclude>
    <ClInclude Include="src\model\UniformBuffer.h">
      <Filter>model</Filter>
    </ClInclude>
    <ClInclude Include="src\model\UtilMesh.h">
      <Filter>model</Filter>
    </ClInclude>
    <ClInclude Include="src\model\UtilMeshAxis.h">
      <Filter>model</Filter>
    </ClInclude>
    <ClInclude Include="src\model\UtilMeshBox.h">
      <Filter>model</Filter>
    </ClInclude>
    <ClInclude Include="src\model\UtilMeshGrid.h">
      <Filter>model</Filter>
    </ClInclude>
    <ClInclude Include="src\model\UtilMeshInline.h">
      <Filter>model</Filter>
    </ClInclude>
    <ClInclude Include="src\model\UtilMeshPickBox.h">
      <Filter>model</Filter>
    </ClInclude>
    <ClInclude Include="src\model\UtilMeshSphere.h">
      <Filter>model</Filter>
    </ClInclude>
    <ClInclude Include="src\model\VaoData2.h">
      <Filter>model</Filter>
    </ClInclude>
    <ClInclude Include="src\model\VaoDataGeneric.h">
      <Filter>model</Filter>
    </ClInclude>
    <ClInclude Include="src\model\VboData.h">
      <Filter>model</Filter>
    </ClInclude>
    <ClInclude Include="src\model\VertexAdjacencyMap.h">
      <Filter>model</Filter>
    </ClInclude>
    <ClInclude Include="src\model\VertexFormat.h">
      <Filter>model</Filter>
    </ClInclude>
    <ClInclude Include="src\model\VertexTypes.h">
      <Filter>model</Filter>
    </ClInclude>
    <ClInclude Include="src\model\Animation.h">
      <Filter>model</Filter>
    </ClInclude>
    <ClInclude Include="src\model\ArmatureSpec.h">
      <Filter>model</Filter>
    </ClInclude>
    <ClInclude Include="src\model\BaseNode.h">
      <Filter>model</Filter>
    </ClInclude>
    <ClInclude Include="src\model\FragmentBufferData.h">
      <Filter>model</Filter>
    </ClInclude>
    <ClInclude Include="src\world\PhysicsShapes.h">
      <Filter>world</Filter>
    </ClInclude>
    <ClInclude Include="src\world\PhysicsWorld.h">
      <Filter>world</Filter>
    </ClInclude>
    <ClInclude Include="src\world\RenderBucket.h">
      <Filter>world</Filter>
    </ClInclude>
    <ClInclude Include="src\world\WorldHeader.h">
      <Filter>world</Filter>
    </ClInclude>
    <ClInclude Include="src\world\Manifold.h">
      <Filter>world</Filter>
    </ClInclude>
    <ClInclude Include="src\world\PhysicsGrid.h">
      <Filter>world</Filter>
    </ClInclude>
    <ClInclude Include="src\world\PhysicsGridAwareness.h">
      <Filter>world</Filter>
    </ClInclude>
    <ClInclude Include="src\world\PhysicsNode.h">
      <Filter>world</Filter>
    </ClInclude>
    <ClInclude Include="src\app\AppMain.h">
      <Filter>app</Filter>
    </ClInclude>
    <ClInclude Include="src\gfx\DeferredFramebuffer.h">
      <Filter>graphics</Filter>
    </ClInclude>
    <ClInclude Include="src\gfx\FlyCam.h">
      <Filter>graphics</Filter>
    </ClInclude>
    <ClInclude Include="src\gfx\FontTextBuffer.h">
      <Filter>graphics</Filter>
    </ClInclude>
    <ClInclude Include="src\gfx\ForwardFramebuffer.h">
      <Filter>graphics</Filter>
    </ClInclude>
    <ClInclude Include="src\gfx\FramebufferBase.h">
      <Filter>graphics</Filter>
    </ClInclude>
    <ClInclude Include="src\gfx\FrustumBase.h">
      <Filter>graphics</Filter>
    </ClInclude>
    <ClInclude Include="src\gfx\FrustumProjectionParameters.h">
      <Filter>graphics</Filter>
    </ClInclude>
    <ClInclude Include="src\gfx\GpuComputeSync.h">
      <Filter>graphics</Filter>
    </ClInclude>
    <ClInclude Include="src\gfx\GpuQuad3.h">
      <Filter>graphics</Filter>
    </ClInclude>
    <ClInclude Include="src\gfx\GraphicsApi.h">
      <Filter>graphics</Filter>
    </ClInclude>
    <ClInclude Include="src\gfx\Gui2d.h">
      <Filter>graphics</Filter>
    </ClInclude>
    <ClInclude Include="src\gfx\LightManager.h">
      <Filter>graphics</Filter>
    </ClInclude>
    <ClInclude Include="src\gfx\LightNode.h">
      <Filter>graphics</Filter>
    </ClInclude>
    <ClInclude Include="src\gfx\MegaTex.h">
      <Filter>graphics</Filter>
    </ClInclude>
    <ClInclude Include="src\gfx\OpenGLApi.h">
      <Filter>graphics</Filter>
    </ClInclude>
    <ClInclude Include="src\gfx\Particles.h">
      <Filter>graphics</Filter>
    </ClInclude>
    <ClInclude Include="src\gfx\Picker.h">
      <Filter>graphics</Filter>
    </ClInclude>
    <ClInclude Include="src\gfx\QuadBufferMesh.h">
      <Filter>graphics</Filter>
    </ClInclude>
    <ClInclude Include="src\gfx\RenderParams.h">
      <Filter>graphics</Filter>
    </ClInclude>
    <ClInclude Include="src\gfx\RenderSettings.h">
      <Filter>graphics</Filter>
    </ClInclude>
    <ClInclude Include="src\gfx\RenderUtils.h">
      <Filter>graphics</Filter>
    </ClInclude>
    <ClInclude Include="src\gfx\ScreenProps.h">
      <Filter>graphics</Filter>
    </ClInclude>
    <ClInclude Include="src\gfx\ShaderAttribute.h">
      <Filter>graphics</Filter>
    </ClInclude>
    <ClInclude Include="src\gfx\ShaderBase.h">
      <Filter>graphics</Filter>
    </ClInclude>
    <ClInclude Include="src\gfx\ShaderCache.h">
      <Filter>graphics</Filter>
    </ClInclude>
    <ClInclude Include="src\gfx\ShaderCompiler.h">
      <Filter>graphics</Filter>
    </ClInclude>
    <ClInclude Include="src\gfx\ShaderMaker.h">
      <Filter>graphics</Filter>
    </ClInclude>
    <ClInclude Include="src\gfx\ShaderSubProgram.h">
      <Filter>graphics</Filter>
    </ClInclude>
    <ClInclude Include="src\gfx\ShaderUniform.h">
      <Filter>graphics</Filter>
    </ClInclude>
    <ClInclude Include="src\gfx\ShadowBox.h">
      <Filter>graphics</Filter>
    </ClInclude>
    <ClInclude Include="src\gfx\ShadowBoxSide.h">
      <Filter>graphics</Filter>
    </ClInclude>
    <ClInclude Include="src\gfx\ShadowFrustum.h">
      <Filter>graphics</Filter>
    </ClInclude>
    <ClInclude Include="src\gfx\TexCache.h">
      <Filter>graphics</Filter>
    </ClInclude>
    <ClInclude Include="src\gfx\TextBoss.h">
      <Filter>graphics</Filter>
    </ClInclude>
    <ClInclude Include="src\gfx\Texture2DSpec.h">
      <Filter>graphics</Filter>
    </ClInclude>
    <ClInclude Include="src\gfx\UiBase.h">
      <Filter>graphics</Filter>
    </ClInclude>
    <ClInclude Include="src\gfx\UiControls.h">
      <Filter>graphics</Filter>
    </ClInclude>
    <ClInclude Include="src\gfx\UiSkin.h">
      <Filter>graphics</Filter>
    </ClInclude>
    <ClInclude Include="src\gfx\VulkanApi.h">
      <Filter>graphics</Filter>
    </ClInclude>
    <ClInclude Include="src\gfx\Atlas.h">
      <Filter>graphics</Filter>
    </ClInclude>
    <ClInclude Include="src\gfx\CameraNode.h">
      <Filter>graphics</Filter>
    </ClInclude>
    <ClInclude Include="src\gfx\VulkanContext.h">
      <Filter>graphics</Filter>
    </ClInclude>
    <ClInclude Include="src\gfx\GraphicsContext.h">
      <Filter>graphics</Filter>
    </ClInclude>
    <ClInclude Include="src\base\FpsMeter.h">
      <Filter>base</Filter>
    </ClInclude>
    <ClInclude Include="src\base\Base.h">
      <Filter>base</Filter>
    </ClInclude>
    <ClInclude Include="src\gfx\GfxHeader.h">
      <Filter>graphics</Filter>
    </ClInclude>
    <ClInclude Include="src\base\SDLUtils.h">
      <Filter>base</Filter>
    </ClInclude>
    <ClInclude Include="src\app\Script.h">
      <Filter>app</Filter>
    </ClInclude>
    <ClInclude Include="src\app\AppHeader.h">
      <Filter>app</Filter>
    </ClInclude>
    <ClInclude Include="src\app\ProjectFile.h">
      <Filter>app</Filter>
    </ClInclude>
    <ClInclude Include="src\ext\rapidjson\allocators.h">
      <Filter>ext\rapidjson</Filter>
    </ClInclude>
    <ClInclude Include="src\ext\rapidjson\cursorstreamwrapper.h">
      <Filter>ext\rapidjson</Filter>
    </ClInclude>
    <ClInclude Include="src\ext\rapidjson\document.h">
      <Filter>ext\rapidjson</Filter>
    </ClInclude>
    <ClInclude Include="src\ext\rapidjson\encodedstream.h">
      <Filter>ext\rapidjson</Filter>
    </ClInclude>
    <ClInclude Include="src\ext\rapidjson\encodings.h">
      <Filter>ext\rapidjson</Filter>
    </ClInclude>
    <ClInclude Include="src\ext\rapidjson\filereadstream.h">
      <Filter>ext\rapidjson</Filter>
    </ClInclude>
    <ClInclude Include="src\ext\rapidjson\filewritestream.h">
      <Filter>ext\rapidjson</Filter>
    </ClInclude>
    <ClInclude Include="src\ext\rapidjson\fwd.h">
      <Filter>ext\rapidjson</Filter>
    </ClInclude>
    <ClInclude Include="src\ext\rapidjson\istreamwrapper.h">
      <Filter>ext\rapidjson</Filter>
    </ClInclude>
    <ClInclude Include="src\ext\rapidjson\memorybuffer.h">
      <Filter>ext\rapidjson</Filter>
    </ClInclude>
    <ClInclude Include="src\ext\rapidjson\memorystream.h">
      <Filter>ext\rapidjson</Filter>
    </ClInclude>
    <ClInclude Include="src\ext\rapidjson\ostreamwrapper.h">
      <Filter>ext\rapidjson</Filter>
    </ClInclude>
    <ClInclude Include="src\ext\rapidjson\pointer.h">
      <Filter>ext\rapidjson</Filter>
    </ClInclude>
    <ClInclude Include="src\ext\rapidjson\prettywriter.h">
      <Filter>ext\rapidjson</Filter>
    </ClInclude>
    <ClInclude Include="src\ext\rapidjson\rapidjson.h">
      <Filter>ext\rapidjson</Filter>
    </ClInclude>
    <ClInclude Include="src\ext\rapidjson\reader.h">
      <Filter>ext\rapidjson</Filter>
    </ClInclude>
    <ClInclude Include="src\ext\rapidjson\schema.h">
      <Filter>ext\rapidjson</Filter>
    </ClInclude>
    <ClInclude Include="src\ext\rapidjson\stream.h">
      <Filter>ext\rapidjson</Filter>
    </ClInclude>
    <ClInclude Include="src\ext\rapidjson\stringbuffer.h">
      <Filter>ext\rapidjson</Filter>
    </ClInclude>
    <ClInclude Include="src\ext\rapidjson\writer.h">
      <Filter>ext\rapidjson</Filter>
    </ClInclude>
    <ClInclude Include="src\ext\rapidjson\internal\biginteger.h">
      <Filter>ext\rapidjson</Filter>
    </ClInclude>
    <ClInclude Include="src\ext\rapidjson\internal\diyfp.h">
      <Filter>ext\rapidjson</Filter>
    </ClInclude>
    <ClInclude Include="src\ext\rapidjson\internal\dtoa.h">
      <Filter>ext\rapidjson</Filter>
    </ClInclude>
    <ClInclude Include="src\ext\rapidjson\internal\ieee754.h">
      <Filter>ext\rapidjson</Filter>
    </ClInclude>
    <ClInclude Include="src\ext\rapidjson\internal\itoa.h">
      <Filter>ext\rapidjson</Filter>
    </ClInclude>
    <ClInclude Include="src\ext\rapidjson\internal\meta.h">
      <Filter>ext\rapidjson</Filter>
    </ClInclude>
    <ClInclude Include="src\ext\rapidjson\internal\pow10.h">
      <Filter>ext\rapidjson</Filter>
    </ClInclude>
    <ClInclude Include="src\ext\rapidjson\internal\regex.h">
      <Filter>ext\rapidjson</Filter>
    </ClInclude>
    <ClInclude Include="src\ext\rapidjson\internal\stack.h">
      <Filter>ext\rapidjson</Filter>
    </ClInclude>
    <ClInclude Include="src\ext\rapidjson\internal\strfunc.h">
      <Filter>ext\rapidjson</Filter>
    </ClInclude>
    <ClInclude Include="src\ext\rapidjson\internal\strtod.h">
      <Filter>ext\rapidjson</Filter>
    </ClInclude>
    <ClInclude Include="src\ext\rapidjson\internal\swap.h">
      <Filter>ext\rapidjson</Filter>
    </ClInclude>
    <ClInclude Include="src\ext\rapidjson\msinttypes\inttypes.h">
      <Filter>ext\rapidjson</Filter>
    </ClInclude>
    <ClInclude Include="src\ext\rapidjson\msinttypes\stdint.h">
      <Filter>ext\rapidjson</Filter>
    </ClInclude>
    <ClInclude Include="src\ext\rapidjson\error\en.h">
      <Filter>ext\rapidjson</Filter>
    </ClInclude>
    <ClInclude Include="src\ext\rapidjson\error\error.h">
      <Filter>ext\rapidjson</Filter>
    </ClInclude>
    <ClInclude Include="src\base\Perf.h">
      <Filter>base</Filter>
    </ClInclude>
    <ClInclude Include="src\base\Delta.h">
      <Filter>base</Filter>
    </ClInclude>
    <ClInclude Include="src\app\AppBase.h">
      <Filter>app</Filter>
    </ClInclude>
    <ClInclude Include="src\app\OpenGLWindow.h">
      <Filter>app</Filter>
    </ClInclude>
    <ClInclude Include="src\app\VulkanWindow.h">
      <Filter>app</Filter>
    </ClInclude>
    <ClInclude Include="src\app\GraphicsWindow.h">
      <Filter>app</Filter>
    </ClInclude>
    <ClInclude Include="src\ui\UILabel.h">
      <Filter>ui</Filter>
    </ClInclude>
    <ClInclude Include="src\ui\UIHeader.h">
      <Filter>ui</Filter>
    </ClInclude>
    <ClInclude Include="src\ui\UIImage.h">
      <Filter>ui</Filter>
    </ClInclude>
    <ClInclude Include="src\ui\Gui2d.h">
      <Filter>ui</Filter>
    </ClInclude>
    <ClInclude Include="src\base\InputManager.h">
      <Filter>base</Filter>
    </ClInclude>
    <ClInclude Include="src\app\WindowManager.h">
      <Filter>app</Filter>
    </ClInclude>
    <ClInclude Include="src\gfx\ParticleMaker.h">
      <Filter>graphics</Filter>
    </ClInclude>
    <ClInclude Include="src\gfx\RenderPipeline.h">
      <Filter>graphics</Filter>
    </ClInclude>
    <ClInclude Include="src\world\Scene.h">
      <Filter>world</Filter>
    </ClInclude>
    <ClInclude Include="src\model\MeshData.h">
      <Filter>model</Filter>
    </ClInclude>
    <ClInclude Include="src\gfx\SkyBox.h">
      <Filter>graphics</Filter>
    </ClInclude>
    <ClInclude Include="src\world\WorldObject.h">
      <Filter>world</Filter>
    </ClInclude>
    <ClInclude Include="src\gfx\BufferRenderTarget.h">
      <Filter>graphics</Filter>
    </ClInclude>
    <ClInclude Include="src\gfx\RenderViewport.h">
      <Filter>graphics</Filter>
    </ClInclude>
  </ItemGroup>
  <ItemGroup>
    <ClCompile Include="src\base\BinaryFile.cpp">
      <Filter>base</Filter>
    </ClCompile>
    <ClCompile Include="src\base\Crc32.cpp">
      <Filter>base</Filter>
    </ClCompile>
    <ClCompile Include="src\base\DateTime.cpp">
      <Filter>base</Filter>
    </ClCompile>
    <ClCompile Include="src\base\DebugHelper.cpp">
      <Filter>base</Filter>
    </ClCompile>
    <ClCompile Include="src\base\DiskFile.cpp">
      <Filter>base</Filter>
    </ClCompile>
    <ClCompile Include="src\base\DynamicBuffer.cpp">
      <Filter>base</Filter>
    </ClCompile>
    <ClCompile Include="src\base\EngineConfig.cpp">
      <Filter>base</Filter>
    </ClCompile>
    <ClCompile Include="src\base\EngineConfigFile.cpp">
      <Filter>base</Filter>
    </ClCompile>
    <ClCompile Include="src\base\Exception.cpp">
      <Filter>base</Filter>
    </ClCompile>
    <ClCompile Include="src\base\FileSystem.cpp">
      <Filter>base</Filter>
    </ClCompile>
    <ClCompile Include="src\base\FrameSync.cpp">
      <Filter>base</Filter>
    </ClCompile>
    <ClCompile Include="src\base\GameMemory.cpp">
      <Filter>base</Filter>
    </ClCompile>
    <ClCompile Include="src\base\GLContext.cpp">
      <Filter>base</Filter>
    </ClCompile>
    <ClCompile Include="src\base\GrowBuffer.cpp">
      <Filter>base</Filter>
    </ClCompile>
    <ClCompile Include="src\base\Gu.cpp">
      <Filter>base</Filter>
    </ClCompile>
    <ClCompile Include="src\base\Hash.cpp">
      <Filter>base</Filter>
    </ClCompile>
    <ClCompile Include="src\base\HashMap.cpp">
      <Filter>base</Filter>
    </ClCompile>
    <ClCompile Include="src\base\Img32.cpp">
      <Filter>base</Filter>
    </ClCompile>
    <ClCompile Include="src\base\IOBase.cpp">
      <Filter>base</Filter>
    </ClCompile>
    <ClCompile Include="src\base\Logger.cpp">
      <Filter>base</Filter>
    </ClCompile>
    <ClCompile Include="src\base\MemFile.cpp">
      <Filter>base</Filter>
    </ClCompile>
    <ClCompile Include="src\base\Net.cpp">
      <Filter>base</Filter>
    </ClCompile>
    <ClCompile Include="src\base\ObjectFile.cpp">
      <Filter>base</Filter>
    </ClCompile>
    <ClCompile Include="src\base\oglErr.cpp">
      <Filter>base</Filter>
    </ClCompile>
    <ClCompile Include="src\base\OperatingSystem.cpp">
      <Filter>base</Filter>
    </ClCompile>
    <ClCompile Include="src\base\Package.cpp">
      <Filter>base</Filter>
    </ClCompile>
    <ClCompile Include="src\base\PoundFile.cpp">
      <Filter>base</Filter>
    </ClCompile>
    <ClCompile Include="src\base\Sequencer.cpp">
      <Filter>base</Filter>
    </ClCompile>
    <ClCompile Include="src\base\SoundCache.cpp">
      <Filter>base</Filter>
    </ClCompile>
    <ClCompile Include="src\base\StackInfo.cpp">
      <Filter>base</Filter>
    </ClCompile>
    <ClCompile Include="src\base\Stopwatch.cpp">
      <Filter>base</Filter>
    </ClCompile>
    <ClCompile Include="src\base\StreamBuffer.cpp">
      <Filter>base</Filter>
    </ClCompile>
    <ClCompile Include="src\base\StringExtensions.cpp">
      <Filter>base</Filter>
    </ClCompile>
    <ClCompile Include="src\base\StringUtil.cpp">
      <Filter>base</Filter>
    </ClCompile>
    <ClCompile Include="src\base\SyncTimer.cpp">
      <Filter>base</Filter>
    </ClCompile>
    <ClCompile Include="src\base\TextConfigFile.cpp">
      <Filter>base</Filter>
    </ClCompile>
    <ClCompile Include="src\base\TextDataFile.cpp">
      <Filter>base</Filter>
    </ClCompile>
    <ClCompile Include="src\base\TextParser.cpp">
      <Filter>base</Filter>
    </ClCompile>
    <ClCompile Include="src\base\TouchInfo.cpp">
      <Filter>base</Filter>
    </ClCompile>
    <ClCompile Include="src\base\TreeNode.cpp">
      <Filter>base</Filter>
    </ClCompile>
    <ClCompile Include="src\base\TypeConv.cpp">
      <Filter>base</Filter>
    </ClCompile>
    <ClCompile Include="src\base\XmlFile.cpp">
      <Filter>base</Filter>
    </ClCompile>
    <ClCompile Include="src\base\Allocator.cpp">
      <Filter>base</Filter>
    </ClCompile>
    <ClCompile Include="src\base\AppRunner.cpp">
      <Filter>base</Filter>
    </ClCompile>
    <ClCompile Include="src\ext\pugixml\pugixml.cpp">
      <Filter>ext\pugixml</Filter>
    </ClCompile>
    <ClCompile Include="src\ext\lodepng.cpp">
      <Filter>ext</Filter>
    </ClCompile>
    <ClCompile Include="src\ext\stb_vorbis.c">
      <Filter>ext</Filter>
    </ClCompile>
    <ClCompile Include="src\math\BoxUtils.cpp">
      <Filter>math</Filter>
    </ClCompile>
    <ClCompile Include="src\math\CollisionEquations.cpp">
      <Filter>math</Filter>
    </ClCompile>
    <ClCompile Include="src\math\ConvexAlgorithms.cpp">
      <Filter>math</Filter>
    </ClCompile>
    <ClCompile Include="src\math\Line3.cpp">
      <Filter>math</Filter>
    </ClCompile>
    <ClCompile Include="src\math\Matrix3x3.cpp">
      <Filter>math</Filter>
    </ClCompile>
    <ClCompile Include="src\math\Matrix4x4.cpp">
      <Filter>math</Filter>
    </ClCompile>
    <ClCompile Include="src\math\Minimax.cpp">
      <Filter>math</Filter>
    </ClCompile>
    <ClCompile Include="src\math\Plane3.cpp">
      <Filter>math</Filter>
    </ClCompile>
    <ClCompile Include="src\math\PlaneEx3.cpp">
      <Filter>math</Filter>
    </ClCompile>
    <ClCompile Include="src\math\ProjectedRay.cpp">
      <Filter>math</Filter>
    </ClCompile>
    <ClCompile Include="src\math\Quad3x.cpp">
      <Filter>math</Filter>
    </ClCompile>
    <ClCompile Include="src\math\QuadPlane.cpp">
      <Filter>math</Filter>
    </ClCompile>
    <ClCompile Include="src\math\Quaternion.cpp">
      <Filter>math</Filter>
    </ClCompile>
    <ClCompile Include="src\math\Random.cpp">
      <Filter>math</Filter>
    </ClCompile>
    <ClCompile Include="src\math\RaycastHit.cpp">
      <Filter>math</Filter>
    </ClCompile>
    <ClCompile Include="src\math\Sphere3.cpp">
      <Filter>math</Filter>
    </ClCompile>
    <ClCompile Include="src\math\TriPlane.cpp">
      <Filter>math</Filter>
    </ClCompile>
    <ClCompile Include="src\math\Vec2x.cpp">
      <Filter>math</Filter>
    </ClCompile>
    <ClCompile Include="src\math\Vec3x.cpp">
      <Filter>math</Filter>
    </ClCompile>
    <ClCompile Include="src\math\Vec4x.cpp">
      <Filter>math</Filter>
    </ClCompile>
    <ClCompile Include="src\math\Algorithm.cpp">
      <Filter>math</Filter>
    </ClCompile>
    <ClCompile Include="src\math\BitHacks.cpp">
      <Filter>math</Filter>
    </ClCompile>
    <ClCompile Include="src\math\Box2x.cpp">
      <Filter>math</Filter>
    </ClCompile>
    <ClCompile Include="src\math\Box3x.cpp">
      <Filter>math</Filter>
    </ClCompile>
    <ClCompile Include="src\model\GpuBufferData.cpp">
      <Filter>model</Filter>
    </ClCompile>
    <ClCompile Include="src\model\IboData.cpp">
      <Filter>model</Filter>
    </ClCompile>
    <ClCompile Include="src\model\IndexBufferData.cpp">
      <Filter>model</Filter>
    </ClCompile>
    <ClCompile Include="src\model\Material.cpp">
      <Filter>model</Filter>
    </ClCompile>
    <ClCompile Include="src\model\MbiFile.cpp">
      <Filter>model</Filter>
    </ClCompile>
    <ClCompile Include="src\model\MeshCache.cpp">
      <Filter>model</Filter>
    </ClCompile>
    <ClCompile Include="src\model\MeshNode.cpp">
      <Filter>model</Filter>
    </ClCompile>
    <ClCompile Include="src\model\MeshSpecHierarchy.cpp">
      <Filter>model</Filter>
    </ClCompile>
    <ClCompile Include="src\model\MeshUtils.cpp">
      <Filter>model</Filter>
    </ClCompile>
    <ClCompile Include="src\model\MobFile.cpp">
      <Filter>model</Filter>
    </ClCompile>
    <ClCompile Include="src\model\Model.cpp">
      <Filter>model</Filter>
    </ClCompile>
    <ClCompile Include="src\model\ModelCache.cpp">
      <Filter>model</Filter>
    </ClCompile>
    <ClCompile Include="src\model\ModelThumb.cpp">
      <Filter>model</Filter>
    </ClCompile>
    <ClCompile Include="src\model\ModFile.cpp">
      <Filter>model</Filter>
    </ClCompile>
    <ClCompile Include="src\model\OBB.cpp">
      <Filter>model</Filter>
    </ClCompile>
    <ClCompile Include="src\model\ShaderStorageBuffer.cpp">
      <Filter>model</Filter>
    </ClCompile>
    <ClCompile Include="src\model\TextBufferMesh.cpp">
      <Filter>model</Filter>
    </ClCompile>
    <ClCompile Include="src\model\TileMesh25.cpp">
      <Filter>model</Filter>
    </ClCompile>
    <ClCompile Include="src\model\UniformBuffer.cpp">
      <Filter>model</Filter>
    </ClCompile>
    <ClCompile Include="src\model\UtilMesh.cpp">
      <Filter>model</Filter>
    </ClCompile>
    <ClCompile Include="src\model\UtilMeshAxis.cpp">
      <Filter>model</Filter>
    </ClCompile>
    <ClCompile Include="src\model\UtilMeshBox.cpp">
      <Filter>model</Filter>
    </ClCompile>
    <ClCompile Include="src\model\UtilMeshGrid.cpp">
      <Filter>model</Filter>
    </ClCompile>
    <ClCompile Include="src\model\UtilMeshInline.cpp">
      <Filter>model</Filter>
    </ClCompile>
    <ClCompile Include="src\model\UtilMeshPickBox.cpp">
      <Filter>model</Filter>
    </ClCompile>
    <ClCompile Include="src\model\UtilMeshSphere.cpp">
      <Filter>model</Filter>
    </ClCompile>
    <ClCompile Include="src\model\VaoData2.cpp">
      <Filter>model</Filter>
    </ClCompile>
    <ClCompile Include="src\model\VaoDataGeneric.cpp">
      <Filter>model</Filter>
    </ClCompile>
    <ClCompile Include="src\model\VboData.cpp">
      <Filter>model</Filter>
    </ClCompile>
    <ClCompile Include="src\model\VertexAdjacencyMap.cpp">
      <Filter>model</Filter>
    </ClCompile>
    <ClCompile Include="src\model\VertexFormat.cpp">
      <Filter>model</Filter>
    </ClCompile>
    <ClCompile Include="src\model\VertexTypes.cpp">
      <Filter>model</Filter>
    </ClCompile>
    <ClCompile Include="src\model\Animation.cpp">
      <Filter>model</Filter>
    </ClCompile>
    <ClCompile Include="src\model\ArmatureSpec.cpp">
      <Filter>model</Filter>
    </ClCompile>
    <ClCompile Include="src\model\BaseNode.cpp">
      <Filter>model</Filter>
    </ClCompile>
    <ClCompile Include="src\model\FragmentBufferData.cpp">
      <Filter>model</Filter>
    </ClCompile>
    <ClCompile Include="src\world\PhysicsWorld.cpp">
      <Filter>world</Filter>
    </ClCompile>
    <ClCompile Include="src\world\RenderBucket.cpp">
      <Filter>world</Filter>
    </ClCompile>
    <ClCompile Include="src\world\Manifold.cpp">
      <Filter>world</Filter>
    </ClCompile>
    <ClCompile Include="src\world\PhysicsGrid.cpp">
      <Filter>world</Filter>
    </ClCompile>
    <ClCompile Include="src\world\PhysicsGridAwareness.cpp">
      <Filter>world</Filter>
    </ClCompile>
    <ClCompile Include="src\world\PhysicsNode.cpp">
      <Filter>world</Filter>
    </ClCompile>
    <ClCompile Include="src\world\PhysicsShapes.cpp">
      <Filter>world</Filter>
    </ClCompile>
    <ClCompile Include="src\app\Main.cpp">
      <Filter>app</Filter>
    </ClCompile>
    <ClCompile Include="src\app\AppMain.cpp">
      <Filter>app</Filter>
    </ClCompile>
    <ClCompile Include="src\gfx\DeferredFramebuffer.cpp">
      <Filter>graphics</Filter>
    </ClCompile>
    <ClCompile Include="src\gfx\FlyCam.cpp">
      <Filter>graphics</Filter>
    </ClCompile>
    <ClCompile Include="src\gfx\FontTextBuffer.cpp">
      <Filter>graphics</Filter>
    </ClCompile>
    <ClCompile Include="src\gfx\ForwardFramebuffer.cpp">
      <Filter>graphics</Filter>
    </ClCompile>
    <ClCompile Include="src\gfx\FramebufferBase.cpp">
      <Filter>graphics</Filter>
    </ClCompile>
    <ClCompile Include="src\gfx\FrustumBase.cpp">
      <Filter>graphics</Filter>
    </ClCompile>
    <ClCompile Include="src\gfx\GpuComputeSync.cpp">
      <Filter>graphics</Filter>
    </ClCompile>
    <ClCompile Include="src\gfx\GpuQuad3.cpp">
      <Filter>graphics</Filter>
    </ClCompile>
    <ClCompile Include="src\gfx\GraphicsApi.cpp">
      <Filter>graphics</Filter>
    </ClCompile>
    <ClCompile Include="src\gfx\Gui2d.cpp">
      <Filter>graphics</Filter>
    </ClCompile>
    <ClCompile Include="src\gfx\LightManager.cpp">
      <Filter>graphics</Filter>
    </ClCompile>
    <ClCompile Include="src\gfx\LightNode.cpp">
      <Filter>graphics</Filter>
    </ClCompile>
    <ClCompile Include="src\gfx\MegaTex.cpp">
      <Filter>graphics</Filter>
    </ClCompile>
    <ClCompile Include="src\gfx\OpenGLApi.cpp">
      <Filter>graphics</Filter>
    </ClCompile>
    <ClCompile Include="src\gfx\Particles.cpp">
      <Filter>graphics</Filter>
    </ClCompile>
    <ClCompile Include="src\gfx\Picker.cpp">
      <Filter>graphics</Filter>
    </ClCompile>
    <ClCompile Include="src\gfx\QuadBufferMesh.cpp">
      <Filter>graphics</Filter>
    </ClCompile>
    <ClCompile Include="src\gfx\RenderParams.cpp">
      <Filter>graphics</Filter>
    </ClCompile>
    <ClCompile Include="src\gfx\RenderSettings.cpp">
      <Filter>graphics</Filter>
    </ClCompile>
    <ClCompile Include="src\gfx\RenderUtils.cpp">
      <Filter>graphics</Filter>
    </ClCompile>
    <ClCompile Include="src\gfx\ScreenProps.cpp">
      <Filter>graphics</Filter>
    </ClCompile>
    <ClCompile Include="src\gfx\ShaderAttribute.cpp">
      <Filter>graphics</Filter>
    </ClCompile>
    <ClCompile Include="src\gfx\ShaderBase.cpp">
      <Filter>graphics</Filter>
    </ClCompile>
    <ClCompile Include="src\gfx\ShaderCache.cpp">
      <Filter>graphics</Filter>
    </ClCompile>
    <ClCompile Include="src\gfx\ShaderCompiler.cpp">
      <Filter>graphics</Filter>
    </ClCompile>
    <ClCompile Include="src\gfx\ShaderMaker.cpp">
      <Filter>graphics</Filter>
    </ClCompile>
    <ClCompile Include="src\gfx\ShaderSubProgram.cpp">
      <Filter>graphics</Filter>
    </ClCompile>
    <ClCompile Include="src\gfx\ShaderUniform.cpp">
      <Filter>graphics</Filter>
    </ClCompile>
    <ClCompile Include="src\gfx\ShadowBox.cpp">
      <Filter>graphics</Filter>
    </ClCompile>
    <ClCompile Include="src\gfx\ShadowBoxSide.cpp">
      <Filter>graphics</Filter>
    </ClCompile>
    <ClCompile Include="src\gfx\ShadowFrustum.cpp">
      <Filter>graphics</Filter>
    </ClCompile>
    <ClCompile Include="src\gfx\TexCache.cpp">
      <Filter>graphics</Filter>
    </ClCompile>
    <ClCompile Include="src\gfx\TextBoss.cpp">
      <Filter>graphics</Filter>
    </ClCompile>
    <ClCompile Include="src\gfx\Texture2DSpec.cpp">
      <Filter>graphics</Filter>
    </ClCompile>
    <ClCompile Include="src\gfx\UiBase.cpp">
      <Filter>graphics</Filter>
    </ClCompile>
    <ClCompile Include="src\gfx\UiControls.cpp">
      <Filter>graphics</Filter>
    </ClCompile>
    <ClCompile Include="src\gfx\UiSkin.cpp">
      <Filter>graphics</Filter>
    </ClCompile>
    <ClCompile Include="src\gfx\VulkanApi.cpp">
      <Filter>graphics</Filter>
    </ClCompile>
    <ClCompile Include="src\gfx\Atlas.cpp">
      <Filter>graphics</Filter>
    </ClCompile>
    <ClCompile Include="src\gfx\CameraNode.cpp">
      <Filter>graphics</Filter>
    </ClCompile>
    <ClCompile Include="src\gfx\VulkanContext.cpp">
      <Filter>graphics</Filter>
    </ClCompile>
    <ClCompile Include="src\gfx\GraphicsContext.cpp">
      <Filter>graphics</Filter>
    </ClCompile>
    <ClCompile Include="src\base\FpsMeter.cpp">
      <Filter>base</Filter>
    </ClCompile>
    <ClCompile Include="src\base\MachineTypes.cpp">
      <Filter>base</Filter>
    </ClCompile>
    <ClCompile Include="src\base\BaseHeader.cpp">
      <Filter>base</Filter>
    </ClCompile>
    <ClCompile Include="src\base\GlobalIncludes.cpp">
      <Filter>base</Filter>
    </ClCompile>
    <ClCompile Include="src\base\SDLUtils.cpp">
      <Filter>base</Filter>
    </ClCompile>
    <ClCompile Include="src\app\Script.cpp">
      <Filter>app</Filter>
    </ClCompile>
    <ClCompile Include="src\app\ProjectFile.cpp">
      <Filter>app</Filter>
    </ClCompile>
    <ClCompile Include="src\base\Perf.cpp">
      <Filter>base</Filter>
    </ClCompile>
    <ClCompile Include="src\base\Delta.cpp">
      <Filter>base</Filter>
    </ClCompile>
    <ClCompile Include="src\app\AppBase.cpp">
      <Filter>app</Filter>
    </ClCompile>
    <ClCompile Include="src\app\VulkanWindow.cpp">
      <Filter>app</Filter>
    </ClCompile>
    <ClCompile Include="src\app\OpenGLWindow.cpp">
      <Filter>app</Filter>
    </ClCompile>
    <ClCompile Include="src\app\GraphicsWindow.cpp">
      <Filter>app</Filter>
    </ClCompile>
    <ClCompile Include="src\ui\UILabel.cpp">
      <Filter>ui</Filter>
    </ClCompile>
    <ClCompile Include="src\ui\UIHeader.cpp">
      <Filter>ui</Filter>
    </ClCompile>
    <ClCompile Include="src\ui\UIImage.cpp">
      <Filter>ui</Filter>
    </ClCompile>
    <ClCompile Include="src\ui\Gui2d.cpp">
      <Filter>ui</Filter>
    </ClCompile>
    <ClCompile Include="src\base\InputManager.cpp">
      <Filter>base</Filter>
    </ClCompile>
    <ClCompile Include="src\app\WindowManager.cpp">
      <Filter>app</Filter>
    </ClCompile>
    <ClCompile Include="src\gfx\ParticleMaker.cpp">
      <Filter>graphics</Filter>
    </ClCompile>
    <ClCompile Include="src\gfx\RenderPipeline.cpp">
      <Filter>graphics</Filter>
    </ClCompile>
    <ClCompile Include="src\world\Scene.cpp">
      <Filter>world</Filter>
    </ClCompile>
    <ClCompile Include="src\model\MeshData.cpp">
      <Filter>model</Filter>
    </ClCompile>
    <ClCompile Include="src\gfx\SkyBox.cpp">
      <Filter>graphics</Filter>
    </ClCompile>
    <ClCompile Include="src\world\WorldObject.cpp">
      <Filter>world</Filter>
    </ClCompile>
    <ClCompile Include="src\gfx\BufferRenderTarget.cpp">
      <Filter>graphics</Filter>
    </ClCompile>
    <ClCompile Include="src\gfx\RenderViewport.cpp">
      <Filter>graphics</Filter>
    </ClCompile>
  </ItemGroup>
  <ItemGroup>
    <Text Include="project\devlog.md" />
  </ItemGroup>
  <ItemGroup>
    <None Include="project\designnotes.md" />
  </ItemGroup>
</Project>