
Microsoft Visual Studio Solution File, Format Version 12.00
# Visual Studio 15
VisualStudioVersion = 15.0.27703.2000
MinimumVisualStudioVersion = 10.0.40219.1
Project("{FAE04EC0-301F-11D3-BF4B-00C04F79EFBC}") = "GameHost", "GameHost.csproj", "{A7E5DDEC-70EA-4A04-A36B-75C6F17BD5EC}"
EndProject
Global
	GlobalSection(SolutionConfigurationPlatforms) = preSolution
		Debug|Any CPU = Debug|Any CPU
		Release|Any CPU = Release|Any CPU
	EndGlobalSection
	GlobalSection(ProjectConfigurationPlatforms) = postSolution
		{A7E5DDEC-70EA-4A04-A36B-75C6F17BD5EC}.Debug|Any CPU.ActiveCfg = Debug|Any CPU
		{A7E5DDEC-70EA-4A04-A36B-75C6F17BD5EC}.Debug|Any CPU.Build.0 = Debug|Any CPU
		{A7E5DDEC-70EA-4A04-A36B-75C6F17BD5EC}.Release|Any CPU.ActiveCfg = Release|Any CPU
		{A7E5DDEC-70EA-4A04-A36B-75C6F17BD5EC}.Release|Any CPU.Build.0 = Release|Any CPU
	EndGlobalSection
	GlobalSection(SolutionProperties) = preSolution
		HideSolutionNode = FALSE
	EndGlobalSection
	GlobalSection(ExtensibilityGlobals) = postSolution
		SolutionGuid = {E2055E3A-C9F9-4A4E-96C1-67F20C375788}
	EndGlobalSection
EndGlobal
